PODS:
  - AEPRulesEngine (4.0.0)
  - SwiftLint (0.44.0)

DEPENDENCIES:
  - AEPRulesEngine
  - SwiftLint (= 0.44.0)

SPEC REPOS:
  trunk:
    - AEPRulesEngine
    - SwiftLint

SPEC CHECKSUMS:
  AEPRulesEngine: 458450a34922823286ead045a0c2bd8c27e224c6
  SwiftLint: e96c0a8c770c7ebbc4d36c55baf9096bb65c4584

PODFILE CHECKSUM: c0967c2211009862ce816d649584b6dcaae87c3c

COCOAPODS: 1.12.0
