{
  "object": {
    "pins": [
      {
        "package": "SwiftRulesEngine",
        "repositoryURL": "https://github.com/adobe/aepsdk-rulesengine-ios.git",
        "state": {
          "branch": "dev",
          "revision": "49a151ec04e1405fe7a3b97796ac7cfb92490043",
          "version": null
        }
      }
    ]
  },
  "version": 1
}
