{
  "object": {
    "pins": [
      {
        "package": "AEPRulesEngine",
        "repositoryURL": "https://github.com/adobe/aepsdk-rulesengine-ios.git",
        "state": {
          "branch": "dev",
          "revision": "412222f198c3d5067e6e2035ba393cb62328cac8",
          "version": null
        }
      }
    ]
  },
  "version": 1
}
