// !$*UTF8*$!
{
	archiveVersion = 1;
	classes = {
	};
	objectVersion = 50;
	objects = {

/* Begin PBXBuildFile section */
		21315BB524575ED200D1B254 /* AEPCore.swift in Sources */ = {isa = PBXBuildFile; fileRef = 21315BB424575ED200D1B254 /* AEPCore.swift */; };
		21315BBA24579C4A00D1B254 /* AtomicCounter.swift in Sources */ = {isa = PBXBuildFile; fileRef = 21315BB924579C4A00D1B254 /* AtomicCounter.swift */; };
		21315BBB24579F1800D1B254 /* AtomicCounter.swift in Sources */ = {isa = PBXBuildFile; fileRef = 21315BB924579C4A00D1B254 /* AtomicCounter.swift */; };
		2131A1B22465D81400F1392D /* AEPCore+ConfigurationTests.swift in Sources */ = {isa = PBXBuildFile; fileRef = 2131A1B12465D81400F1392D /* AEPCore+ConfigurationTests.swift */; };
		2131A1B42465D81E00F1392D /* EventHub+Testable.swift in Sources */ = {isa = PBXBuildFile; fileRef = 2131A1B32465D81E00F1392D /* EventHub+Testable.swift */; };
		213C8BC6242426A1009F780A /* EventHub.swift in Sources */ = {isa = PBXBuildFile; fileRef = 213C8BC5242426A1009F780A /* EventHub.swift */; };
		213C8BC8242426DC009F780A /* Extension.swift in Sources */ = {isa = PBXBuildFile; fileRef = 213C8BC7242426DC009F780A /* Extension.swift */; };
		213C8BCA242521BC009F780A /* EventHubTests.swift in Sources */ = {isa = PBXBuildFile; fileRef = 213C8BC9242521BC009F780A /* EventHubTests.swift */; };
		213C8BD524252302009F780A /* MockExtension.swift in Sources */ = {isa = PBXBuildFile; fileRef = 213C8BD424252302009F780A /* MockExtension.swift */; };
		213C8BD72428822A009F780A /* EventListenerContainer.swift in Sources */ = {isa = PBXBuildFile; fileRef = 213C8BD62428822A009F780A /* EventListenerContainer.swift */; };
		213C8C0824297773009F780A /* EventHubError.swift in Sources */ = {isa = PBXBuildFile; fileRef = 213C8C0724297773009F780A /* EventHubError.swift */; };
		213E87B92433E9BD00033447 /* SharedStateTestHelper.swift in Sources */ = {isa = PBXBuildFile; fileRef = 213E87B82433E9BD00033447 /* SharedStateTestHelper.swift */; };
		214149C72429A39B00FCE512 /* SlowMockExtension.swift in Sources */ = {isa = PBXBuildFile; fileRef = 214149C52429A39B00FCE512 /* SlowMockExtension.swift */; };
		214B5221248AB1710034BF22 /* Event+Configuration.swift in Sources */ = {isa = PBXBuildFile; fileRef = 214B5220248AB1710034BF22 /* Event+Configuration.swift */; };
		21599656243E4EEB00E202B1 /* AnyCodable.swift in Sources */ = {isa = PBXBuildFile; fileRef = 21599655243E4EEB00E202B1 /* AnyCodable.swift */; };
		21599659243E4F0B00E202B1 /* AnyCodableTests.swift in Sources */ = {isa = PBXBuildFile; fileRef = 21599658243E4F0B00E202B1 /* AnyCodableTests.swift */; };
		215AA61D2465DFE200CEB4F4 /* CachedConfiguration.swift in Sources */ = {isa = PBXBuildFile; fileRef = 215AA61C2465DFE200CEB4F4 /* CachedConfiguration.swift */; };
		215AA61F2465DFF900CEB4F4 /* ConfigurationDownloader.swift in Sources */ = {isa = PBXBuildFile; fileRef = 215AA61E2465DFF900CEB4F4 /* ConfigurationDownloader.swift */; };
		215AA6212465E02C00CEB4F4 /* ConfigurationDownloaderTests.swift in Sources */ = {isa = PBXBuildFile; fileRef = 215AA6202465E02C00CEB4F4 /* ConfigurationDownloaderTests.swift */; };
		215AA6232465E06600CEB4F4 /* ADBMobileConfig.json in Resources */ = {isa = PBXBuildFile; fileRef = 215AA6222465E06600CEB4F4 /* ADBMobileConfig.json */; };
		215CA8152481C9430078D778 /* LifecycleState.swift in Sources */ = {isa = PBXBuildFile; fileRef = 215CA8142481C9430078D778 /* LifecycleState.swift */; };
		215CA8172481C9610078D778 /* LifecycleContextData.swift in Sources */ = {isa = PBXBuildFile; fileRef = 215CA8162481C9610078D778 /* LifecycleContextData.swift */; };
		215CA8192481CA780078D778 /* LifecycleStateTests.swift in Sources */ = {isa = PBXBuildFile; fileRef = 215CA8182481CA780078D778 /* LifecycleStateTests.swift */; };
		21629DAC2461CA88009D05BF /* LifecycleConstants.swift in Sources */ = {isa = PBXBuildFile; fileRef = 21629DAB2461CA88009D05BF /* LifecycleConstants.swift */; };
		21629DB02461CAD0009D05BF /* AEPCore+Lifecycle.swift in Sources */ = {isa = PBXBuildFile; fileRef = 21629DAF2461CAD0009D05BF /* AEPCore+Lifecycle.swift */; };
		21629DB22461CC48009D05BF /* AEPCore+LifecycleTests.swift in Sources */ = {isa = PBXBuildFile; fileRef = 21629DB12461CC48009D05BF /* AEPCore+LifecycleTests.swift */; };
		2179F183246490140004A7C0 /* Lifecycle.swift in Sources */ = {isa = PBXBuildFile; fileRef = 21629DA92461CA3F009D05BF /* Lifecycle.swift */; };
		2179F1842464901A0004A7C0 /* AEPLifecycle.swift in Sources */ = {isa = PBXBuildFile; fileRef = 21629DAD2461CABE009D05BF /* AEPLifecycle.swift */; };
		2181947E2489CFEF004F869A /* LifecycleContextDataTests.swift in Sources */ = {isa = PBXBuildFile; fileRef = 2181947D2489CFEF004F869A /* LifecycleContextDataTests.swift */; };
		218208ED247EED6D003D3591 /* ConfigurationFunctionalTests.swift in Sources */ = {isa = PBXBuildFile; fileRef = 218208EC247EED6D003D3591 /* ConfigurationFunctionalTests.swift */; };
		218CAD7524744A6D004DA1E8 /* NetworkServiceConstants.swift in Sources */ = {isa = PBXBuildFile; fileRef = 218CAD7424744A6D004DA1E8 /* NetworkServiceConstants.swift */; };
		21A10255248170E5009AB015 /* MockConfigurationDownloaderNetworkService.swift in Sources */ = {isa = PBXBuildFile; fileRef = 21A10254248170E5009AB015 /* MockConfigurationDownloaderNetworkService.swift */; };
		21C754B324785E52007B8871 /* ThreadSafeDictionaryTests.swift in Sources */ = {isa = PBXBuildFile; fileRef = 21C754B224785E52007B8871 /* ThreadSafeDictionaryTests.swift */; };
		21CAC0E02422917600C11388 /* AEPCore.framework in Frameworks */ = {isa = PBXBuildFile; fileRef = 21CAC0D62422917600C11388 /* AEPCore.framework */; };
		21CAC0E52422917600C11388 /* AEPCoreTests.swift in Sources */ = {isa = PBXBuildFile; fileRef = 21CAC0E42422917600C11388 /* AEPCoreTests.swift */; };
		21CAC0E72422917600C11388 /* AEPCore.h in Headers */ = {isa = PBXBuildFile; fileRef = 21CAC0D92422917600C11388 /* AEPCore.h */; settings = {ATTRIBUTES = (Public, ); }; };
		21CAC0F424229CDB00C11388 /* EventSource.swift in Sources */ = {isa = PBXBuildFile; fileRef = 21CAC0F124229CDB00C11388 /* EventSource.swift */; };
		21CAC0F524229CDB00C11388 /* Event.swift in Sources */ = {isa = PBXBuildFile; fileRef = 21CAC0F224229CDB00C11388 /* Event.swift */; };
		21CAC0F624229CDB00C11388 /* EventType.swift in Sources */ = {isa = PBXBuildFile; fileRef = 21CAC0F324229CDB00C11388 /* EventType.swift */; };
		21CD2B23246C7B7F0041E1A2 /* MockSystemInfoService.swift in Sources */ = {isa = PBXBuildFile; fileRef = 21CD2B22246C7B7F0041E1A2 /* MockSystemInfoService.swift */; };
		21DB708D242AAD3D00568A4C /* ExtensionContainer.swift in Sources */ = {isa = PBXBuildFile; fileRef = 21DB708C242AAD3D00568A4C /* ExtensionContainer.swift */; };
		21DB7094242BEBB800568A4C /* ThreadSafeDictionary.swift in Sources */ = {isa = PBXBuildFile; fileRef = 21DB7093242BEBB800568A4C /* ThreadSafeDictionary.swift */; };
		21F02C2F2476F44300D25528 /* LifecycleSessionTests.swift in Sources */ = {isa = PBXBuildFile; fileRef = 21F02C2E2476F44300D25528 /* LifecycleSessionTests.swift */; };
		21F02C322476F49F00D25528 /* LifecycleSession.swift in Sources */ = {isa = PBXBuildFile; fileRef = 21F02C302476F45B00D25528 /* LifecycleSession.swift */; };
		21F02C342477066800D25528 /* ConfigurationState.swift in Sources */ = {isa = PBXBuildFile; fileRef = 21F02C332477066800D25528 /* ConfigurationState.swift */; };
		21F02C362477067900D25528 /* LaunchIDManager.swift in Sources */ = {isa = PBXBuildFile; fileRef = 21F02C352477067900D25528 /* LaunchIDManager.swift */; };
		21F02C382477077600D25528 /* ConfigurationStateTests.swift in Sources */ = {isa = PBXBuildFile; fileRef = 21F02C372477077600D25528 /* ConfigurationStateTests.swift */; };
		21F02C3A247707D800D25528 /* LaunchIDManagerTests.swift in Sources */ = {isa = PBXBuildFile; fileRef = 21F02C39247707D800D25528 /* LaunchIDManagerTests.swift */; };
		21F02C3E2477819100D25528 /* MockConfigurationDownloader.swift in Sources */ = {isa = PBXBuildFile; fileRef = 21F02C3D2477819100D25528 /* MockConfigurationDownloader.swift */; };
		21F235BD24325A6200C3E59A /* EventHubConstants.swift in Sources */ = {isa = PBXBuildFile; fileRef = 21F235BC24325A6200C3E59A /* EventHubConstants.swift */; };
		21F361A0246DE4B5009AB88B /* LifecycleMetrics.swift in Sources */ = {isa = PBXBuildFile; fileRef = 21F3619F246DE4B5009AB88B /* LifecycleMetrics.swift */; };
		21F361A2246DE4C9009AB88B /* LifecycleMetricsTests.swift in Sources */ = {isa = PBXBuildFile; fileRef = 21F361A1246DE4C9009AB88B /* LifecycleMetricsTests.swift */; };
		21F9174C2433E429000743E3 /* MockExtensionTwo.swift in Sources */ = {isa = PBXBuildFile; fileRef = 21F9174B2433E429000743E3 /* MockExtensionTwo.swift */; };
		21FB910E247639EE00074BF9 /* ConfigurationDownloadable.swift in Sources */ = {isa = PBXBuildFile; fileRef = 21FB910D247639EE00074BF9 /* ConfigurationDownloadable.swift */; };
		21FBA54A2463DFCE00A2A009 /* Configuration.swift in Sources */ = {isa = PBXBuildFile; fileRef = 21FBA5492463DFCE00A2A009 /* Configuration.swift */; };
		21FBA54C2463DFDB00A2A009 /* AEPCore+Configuration.swift in Sources */ = {isa = PBXBuildFile; fileRef = 21FBA54B2463DFDB00A2A009 /* AEPCore+Configuration.swift */; };
		21FBA54E2463DFE800A2A009 /* PrivacyStatus.swift in Sources */ = {isa = PBXBuildFile; fileRef = 21FBA54D2463DFE800A2A009 /* PrivacyStatus.swift */; };
		21FBA5502463DFFF00A2A009 /* ConfigurationConstants.swift in Sources */ = {isa = PBXBuildFile; fileRef = 21FBA54F2463DFFF00A2A009 /* ConfigurationConstants.swift */; };
		21FBA5522463E55200A2A009 /* AEPConfiguration.swift in Sources */ = {isa = PBXBuildFile; fileRef = 21FBA5512463E55200A2A009 /* AEPConfiguration.swift */; };
		7629742C24294215005CCC73 /* SharedState.swift in Sources */ = {isa = PBXBuildFile; fileRef = 7629742B24294215005CCC73 /* SharedState.swift */; };
		7629742F24294249005CCC73 /* SharedStateTest.swift in Sources */ = {isa = PBXBuildFile; fileRef = 7629742E24294249005CCC73 /* SharedStateTest.swift */; };
		76850D18242EDE58003922F4 /* OperationOrdererTests.swift in Sources */ = {isa = PBXBuildFile; fileRef = 76850D17242EDE58003922F4 /* OperationOrdererTests.swift */; };
		76850D1A24313181003922F4 /* OperationOrderer.swift in Sources */ = {isa = PBXBuildFile; fileRef = 76850D1924313181003922F4 /* OperationOrderer.swift */; };
		785220D4245C921D00B46E90 /* NamedUserDefaultKeyValueService.swift in Sources */ = {isa = PBXBuildFile; fileRef = 785220D3245C921D00B46E90 /* NamedUserDefaultKeyValueService.swift */; };
		785220D6245CA92F00B46E90 /* NamedKeyValueServiceTest.swift in Sources */ = {isa = PBXBuildFile; fileRef = 785220D5245CA92F00B46E90 /* NamedKeyValueServiceTest.swift */; };
		78A642572486C98E004B4E46 /* ThreadSafeArray.swift in Sources */ = {isa = PBXBuildFile; fileRef = 78A642562486C98E004B4E46 /* ThreadSafeArray.swift */; };
		78A642592486DABB004B4E46 /* ThreadSafeArrayTests.swift in Sources */ = {isa = PBXBuildFile; fileRef = 78A642582486DABB004B4E46 /* ThreadSafeArrayTests.swift */; };
		78D754D52437F92300DB9124 /* NamedKeyValueService.swift in Sources */ = {isa = PBXBuildFile; fileRef = 78D754D42437F92300DB9124 /* NamedKeyValueService.swift */; };
		78D754D92437F93E00DB9124 /* NamedKeyValueStoreTest.swift in Sources */ = {isa = PBXBuildFile; fileRef = 78D754D82437F93E00DB9124 /* NamedKeyValueStoreTest.swift */; };
		78D754DB243B7E1A00DB9124 /* NamedKeyValueStore.swift in Sources */ = {isa = PBXBuildFile; fileRef = 78D754DA243B7E1900DB9124 /* NamedKeyValueStore.swift */; };
		78D754DF243BC34100DB9124 /* SystemInfoService.swift in Sources */ = {isa = PBXBuildFile; fileRef = 78D754DE243BC34100DB9124 /* SystemInfoService.swift */; };
		78D754E62441205F00DB9124 /* SystemInfoServiceTest.swift in Sources */ = {isa = PBXBuildFile; fileRef = 78D754E32441192700DB9124 /* SystemInfoServiceTest.swift */; };
		78D754F2244511D100DB9124 /* TestConfig.json in Resources */ = {isa = PBXBuildFile; fileRef = 78D754F1244511D100DB9124 /* TestConfig.json */; };
		78D754F42445227D00DB9124 /* ApplicationSystemInfoService.swift in Sources */ = {isa = PBXBuildFile; fileRef = 78D754F32445227D00DB9124 /* ApplicationSystemInfoService.swift */; };
		78DEFEF1244A183400D7E9FB /* TestImage.png in Resources */ = {isa = PBXBuildFile; fileRef = 78DEFEF0244A183400D7E9FB /* TestImage.png */; };
		78DEFEF324509E3C00D7E9FB /* AEPServiceProvider.swift in Sources */ = {isa = PBXBuildFile; fileRef = 78DEFEF224509E3C00D7E9FB /* AEPServiceProvider.swift */; };
		78E2AC8C2476FFA900E49D64 /* LifecycleMetricsBuilder.swift in Sources */ = {isa = PBXBuildFile; fileRef = 78E2AC8B2476FFA900E49D64 /* LifecycleMetricsBuilder.swift */; };
		78E2AC8E247700F400E49D64 /* LifecycleMetricsBuilderTests.swift in Sources */ = {isa = PBXBuildFile; fileRef = 78E2AC8D247700F400E49D64 /* LifecycleMetricsBuilderTests.swift */; };
		D4000F122458DE700052C536 /* NetworkService.swift in Sources */ = {isa = PBXBuildFile; fileRef = D4000F112458DE700052C536 /* NetworkService.swift */; };
		D4000F142458DE8E0052C536 /* AEPNetworkService.swift in Sources */ = {isa = PBXBuildFile; fileRef = D4000F132458DE8E0052C536 /* AEPNetworkService.swift */; };
		D4000F162458DEA20052C536 /* HttpMethod.swift in Sources */ = {isa = PBXBuildFile; fileRef = D4000F152458DEA20052C536 /* HttpMethod.swift */; };
		D4000F182458DEB60052C536 /* HttpConnection.swift in Sources */ = {isa = PBXBuildFile; fileRef = D4000F172458DEB60052C536 /* HttpConnection.swift */; };
		D4000F1A2458DEDE0052C536 /* NetworkRequest.swift in Sources */ = {isa = PBXBuildFile; fileRef = D4000F192458DEDE0052C536 /* NetworkRequest.swift */; };
		D4000F212458E08C0052C536 /* NetworkServiceTests.swift in Sources */ = {isa = PBXBuildFile; fileRef = D4000F202458E08C0052C536 /* NetworkServiceTests.swift */; };
		D4000F252458E10D0052C536 /* MockURLSession.swift in Sources */ = {isa = PBXBuildFile; fileRef = D4000F242458E10D0052C536 /* MockURLSession.swift */; };
		D4000F272458E1240052C536 /* MockTask.swift in Sources */ = {isa = PBXBuildFile; fileRef = D4000F262458E1240052C536 /* MockTask.swift */; };
		D4000F2C2458E8350052C536 /* MockNetworkServiceOverrider.swift in Sources */ = {isa = PBXBuildFile; fileRef = D4000F2B2458E8350052C536 /* MockNetworkServiceOverrider.swift */; };
/* End PBXBuildFile section */

/* Begin PBXContainerItemProxy section */
		21CAC0E12422917600C11388 /* PBXContainerItemProxy */ = {
			isa = PBXContainerItemProxy;
			containerPortal = 21CAC0CD2422917600C11388 /* Project object */;
			proxyType = 1;
			remoteGlobalIDString = 21CAC0D52422917600C11388;
			remoteInfo = AEPCore;
		};
/* End PBXContainerItemProxy section */

/* Begin PBXFileReference section */
		21315BB424575ED200D1B254 /* AEPCore.swift */ = {isa = PBXFileReference; lastKnownFileType = sourcecode.swift; name = AEPCore.swift; path = Sources/AEPCore.swift; sourceTree = "<group>"; };
		21315BB924579C4A00D1B254 /* AtomicCounter.swift */ = {isa = PBXFileReference; lastKnownFileType = sourcecode.swift; path = AtomicCounter.swift; sourceTree = "<group>"; };
		2131A1B12465D81400F1392D /* AEPCore+ConfigurationTests.swift */ = {isa = PBXFileReference; fileEncoding = 4; lastKnownFileType = sourcecode.swift; path = "AEPCore+ConfigurationTests.swift"; sourceTree = "<group>"; };
		2131A1B32465D81E00F1392D /* EventHub+Testable.swift */ = {isa = PBXFileReference; fileEncoding = 4; lastKnownFileType = sourcecode.swift; path = "EventHub+Testable.swift"; sourceTree = "<group>"; };
		213C8BC5242426A1009F780A /* EventHub.swift */ = {isa = PBXFileReference; lastKnownFileType = sourcecode.swift; name = EventHub.swift; path = Sources/eventhub/EventHub.swift; sourceTree = SOURCE_ROOT; };
		213C8BC7242426DC009F780A /* Extension.swift */ = {isa = PBXFileReference; lastKnownFileType = sourcecode.swift; path = Extension.swift; sourceTree = "<group>"; };
		213C8BC9242521BC009F780A /* EventHubTests.swift */ = {isa = PBXFileReference; lastKnownFileType = sourcecode.swift; path = EventHubTests.swift; sourceTree = "<group>"; };
		213C8BD424252302009F780A /* MockExtension.swift */ = {isa = PBXFileReference; lastKnownFileType = sourcecode.swift; path = MockExtension.swift; sourceTree = "<group>"; };
		213C8BD62428822A009F780A /* EventListenerContainer.swift */ = {isa = PBXFileReference; lastKnownFileType = sourcecode.swift; path = EventListenerContainer.swift; sourceTree = "<group>"; };
		213C8C0724297773009F780A /* EventHubError.swift */ = {isa = PBXFileReference; lastKnownFileType = sourcecode.swift; path = EventHubError.swift; sourceTree = "<group>"; };
		213E87B82433E9BD00033447 /* SharedStateTestHelper.swift */ = {isa = PBXFileReference; lastKnownFileType = sourcecode.swift; path = SharedStateTestHelper.swift; sourceTree = "<group>"; };
		214149C52429A39B00FCE512 /* SlowMockExtension.swift */ = {isa = PBXFileReference; lastKnownFileType = sourcecode.swift; path = SlowMockExtension.swift; sourceTree = "<group>"; };
		214B5220248AB1710034BF22 /* Event+Configuration.swift */ = {isa = PBXFileReference; fileEncoding = 4; lastKnownFileType = sourcecode.swift; name = "Event+Configuration.swift"; path = "Sources/configuration/Event+Configuration.swift"; sourceTree = SOURCE_ROOT; };
		21599655243E4EEB00E202B1 /* AnyCodable.swift */ = {isa = PBXFileReference; lastKnownFileType = sourcecode.swift; path = AnyCodable.swift; sourceTree = "<group>"; };
		21599658243E4F0B00E202B1 /* AnyCodableTests.swift */ = {isa = PBXFileReference; lastKnownFileType = sourcecode.swift; path = AnyCodableTests.swift; sourceTree = "<group>"; };
		215AA61C2465DFE200CEB4F4 /* CachedConfiguration.swift */ = {isa = PBXFileReference; lastKnownFileType = sourcecode.swift; name = CachedConfiguration.swift; path = Sources/configuration/CachedConfiguration.swift; sourceTree = SOURCE_ROOT; };
		215AA61E2465DFF900CEB4F4 /* ConfigurationDownloader.swift */ = {isa = PBXFileReference; lastKnownFileType = sourcecode.swift; name = ConfigurationDownloader.swift; path = Sources/configuration/ConfigurationDownloader.swift; sourceTree = SOURCE_ROOT; };
		215AA6202465E02C00CEB4F4 /* ConfigurationDownloaderTests.swift */ = {isa = PBXFileReference; lastKnownFileType = sourcecode.swift; path = ConfigurationDownloaderTests.swift; sourceTree = "<group>"; };
		215AA6222465E06600CEB4F4 /* ADBMobileConfig.json */ = {isa = PBXFileReference; lastKnownFileType = text.json; path = ADBMobileConfig.json; sourceTree = "<group>"; };
		215CA8142481C9430078D778 /* LifecycleState.swift */ = {isa = PBXFileReference; lastKnownFileType = sourcecode.swift; name = LifecycleState.swift; path = Sources/Lifecycle/LifecycleState.swift; sourceTree = SOURCE_ROOT; };
		215CA8162481C9610078D778 /* LifecycleContextData.swift */ = {isa = PBXFileReference; lastKnownFileType = sourcecode.swift; name = LifecycleContextData.swift; path = Sources/Lifecycle/LifecycleContextData.swift; sourceTree = SOURCE_ROOT; };
		215CA8182481CA780078D778 /* LifecycleStateTests.swift */ = {isa = PBXFileReference; lastKnownFileType = sourcecode.swift; path = LifecycleStateTests.swift; sourceTree = "<group>"; };
		21629DA92461CA3F009D05BF /* Lifecycle.swift */ = {isa = PBXFileReference; lastKnownFileType = sourcecode.swift; name = Lifecycle.swift; path = Sources/Lifecycle/Lifecycle.swift; sourceTree = SOURCE_ROOT; };
		21629DAB2461CA88009D05BF /* LifecycleConstants.swift */ = {isa = PBXFileReference; lastKnownFileType = sourcecode.swift; name = LifecycleConstants.swift; path = Sources/Lifecycle/LifecycleConstants.swift; sourceTree = SOURCE_ROOT; };
		21629DAD2461CABE009D05BF /* AEPLifecycle.swift */ = {isa = PBXFileReference; lastKnownFileType = sourcecode.swift; name = AEPLifecycle.swift; path = Sources/Lifecycle/AEPLifecycle.swift; sourceTree = SOURCE_ROOT; };
		21629DAF2461CAD0009D05BF /* AEPCore+Lifecycle.swift */ = {isa = PBXFileReference; lastKnownFileType = sourcecode.swift; name = "AEPCore+Lifecycle.swift"; path = "Sources/Lifecycle/AEPCore+Lifecycle.swift"; sourceTree = SOURCE_ROOT; };
		21629DB12461CC48009D05BF /* AEPCore+LifecycleTests.swift */ = {isa = PBXFileReference; lastKnownFileType = sourcecode.swift; path = "AEPCore+LifecycleTests.swift"; sourceTree = "<group>"; };
		2181947D2489CFEF004F869A /* LifecycleContextDataTests.swift */ = {isa = PBXFileReference; lastKnownFileType = sourcecode.swift; path = LifecycleContextDataTests.swift; sourceTree = "<group>"; };
		218208EC247EED6D003D3591 /* ConfigurationFunctionalTests.swift */ = {isa = PBXFileReference; lastKnownFileType = sourcecode.swift; path = ConfigurationFunctionalTests.swift; sourceTree = "<group>"; };
		218CAD7424744A6D004DA1E8 /* NetworkServiceConstants.swift */ = {isa = PBXFileReference; lastKnownFileType = sourcecode.swift; path = NetworkServiceConstants.swift; sourceTree = "<group>"; };
		21A10254248170E5009AB015 /* MockConfigurationDownloaderNetworkService.swift */ = {isa = PBXFileReference; lastKnownFileType = sourcecode.swift; path = MockConfigurationDownloaderNetworkService.swift; sourceTree = "<group>"; };
		21C754B224785E52007B8871 /* ThreadSafeDictionaryTests.swift */ = {isa = PBXFileReference; lastKnownFileType = sourcecode.swift; path = ThreadSafeDictionaryTests.swift; sourceTree = "<group>"; };
		21CAC0D62422917600C11388 /* AEPCore.framework */ = {isa = PBXFileReference; explicitFileType = wrapper.framework; includeInIndex = 0; path = AEPCore.framework; sourceTree = BUILT_PRODUCTS_DIR; };
		21CAC0D92422917600C11388 /* AEPCore.h */ = {isa = PBXFileReference; lastKnownFileType = sourcecode.c.h; path = AEPCore.h; sourceTree = "<group>"; };
		21CAC0DA2422917600C11388 /* Info.plist */ = {isa = PBXFileReference; lastKnownFileType = text.plist; path = Info.plist; sourceTree = "<group>"; };
		21CAC0DF2422917600C11388 /* AEPCoreTests.xctest */ = {isa = PBXFileReference; explicitFileType = wrapper.cfbundle; includeInIndex = 0; path = AEPCoreTests.xctest; sourceTree = BUILT_PRODUCTS_DIR; };
		21CAC0E42422917600C11388 /* AEPCoreTests.swift */ = {isa = PBXFileReference; lastKnownFileType = sourcecode.swift; path = AEPCoreTests.swift; sourceTree = "<group>"; };
		21CAC0E62422917600C11388 /* Info.plist */ = {isa = PBXFileReference; lastKnownFileType = text.plist.xml; path = Info.plist; sourceTree = "<group>"; };
		21CAC0F124229CDB00C11388 /* EventSource.swift */ = {isa = PBXFileReference; fileEncoding = 4; lastKnownFileType = sourcecode.swift; path = EventSource.swift; sourceTree = "<group>"; };
		21CAC0F224229CDB00C11388 /* Event.swift */ = {isa = PBXFileReference; fileEncoding = 4; lastKnownFileType = sourcecode.swift; path = Event.swift; sourceTree = "<group>"; };
		21CAC0F324229CDB00C11388 /* EventType.swift */ = {isa = PBXFileReference; fileEncoding = 4; lastKnownFileType = sourcecode.swift; path = EventType.swift; sourceTree = "<group>"; };
		21CD2B22246C7B7F0041E1A2 /* MockSystemInfoService.swift */ = {isa = PBXFileReference; lastKnownFileType = sourcecode.swift; name = MockSystemInfoService.swift; path = ../ServicesTests/MockSystemInfoService.swift; sourceTree = "<group>"; };
		21DB708C242AAD3D00568A4C /* ExtensionContainer.swift */ = {isa = PBXFileReference; lastKnownFileType = sourcecode.swift; path = ExtensionContainer.swift; sourceTree = "<group>"; };
		21DB7093242BEBB800568A4C /* ThreadSafeDictionary.swift */ = {isa = PBXFileReference; fileEncoding = 4; lastKnownFileType = sourcecode.swift; path = ThreadSafeDictionary.swift; sourceTree = "<group>"; };
		21F02C2E2476F44300D25528 /* LifecycleSessionTests.swift */ = {isa = PBXFileReference; lastKnownFileType = sourcecode.swift; path = LifecycleSessionTests.swift; sourceTree = "<group>"; };
		21F02C302476F45B00D25528 /* LifecycleSession.swift */ = {isa = PBXFileReference; lastKnownFileType = sourcecode.swift; name = LifecycleSession.swift; path = AEPCoreTests/LifecycleTests/LifecycleSession.swift; sourceTree = SOURCE_ROOT; };
		21F02C332477066800D25528 /* ConfigurationState.swift */ = {isa = PBXFileReference; lastKnownFileType = sourcecode.swift; name = ConfigurationState.swift; path = Sources/configuration/ConfigurationState.swift; sourceTree = SOURCE_ROOT; };
		21F02C352477067900D25528 /* LaunchIDManager.swift */ = {isa = PBXFileReference; lastKnownFileType = sourcecode.swift; name = LaunchIDManager.swift; path = Sources/configuration/LaunchIDManager.swift; sourceTree = SOURCE_ROOT; };
		21F02C372477077600D25528 /* ConfigurationStateTests.swift */ = {isa = PBXFileReference; lastKnownFileType = sourcecode.swift; path = ConfigurationStateTests.swift; sourceTree = "<group>"; };
		21F02C39247707D800D25528 /* LaunchIDManagerTests.swift */ = {isa = PBXFileReference; lastKnownFileType = sourcecode.swift; path = LaunchIDManagerTests.swift; sourceTree = "<group>"; };
		21F02C3D2477819100D25528 /* MockConfigurationDownloader.swift */ = {isa = PBXFileReference; lastKnownFileType = sourcecode.swift; path = MockConfigurationDownloader.swift; sourceTree = "<group>"; };
		21F235BC24325A6200C3E59A /* EventHubConstants.swift */ = {isa = PBXFileReference; lastKnownFileType = sourcecode.swift; path = EventHubConstants.swift; sourceTree = "<group>"; };
		21F3619F246DE4B5009AB88B /* LifecycleMetrics.swift */ = {isa = PBXFileReference; fileEncoding = 4; lastKnownFileType = sourcecode.swift; name = LifecycleMetrics.swift; path = Sources/Lifecycle/LifecycleMetrics.swift; sourceTree = SOURCE_ROOT; };
		21F361A1246DE4C9009AB88B /* LifecycleMetricsTests.swift */ = {isa = PBXFileReference; fileEncoding = 4; lastKnownFileType = sourcecode.swift; path = LifecycleMetricsTests.swift; sourceTree = "<group>"; };
		21F9174B2433E429000743E3 /* MockExtensionTwo.swift */ = {isa = PBXFileReference; lastKnownFileType = sourcecode.swift; path = MockExtensionTwo.swift; sourceTree = "<group>"; };
		21FB910D247639EE00074BF9 /* ConfigurationDownloadable.swift */ = {isa = PBXFileReference; lastKnownFileType = sourcecode.swift; name = ConfigurationDownloadable.swift; path = Sources/configuration/ConfigurationDownloadable.swift; sourceTree = SOURCE_ROOT; };
		21FBA5492463DFCE00A2A009 /* Configuration.swift */ = {isa = PBXFileReference; lastKnownFileType = sourcecode.swift; name = Configuration.swift; path = Sources/configuration/Configuration.swift; sourceTree = SOURCE_ROOT; };
		21FBA54B2463DFDB00A2A009 /* AEPCore+Configuration.swift */ = {isa = PBXFileReference; lastKnownFileType = sourcecode.swift; name = "AEPCore+Configuration.swift"; path = "Sources/configuration/AEPCore+Configuration.swift"; sourceTree = SOURCE_ROOT; };
		21FBA54D2463DFE800A2A009 /* PrivacyStatus.swift */ = {isa = PBXFileReference; lastKnownFileType = sourcecode.swift; name = PrivacyStatus.swift; path = Sources/configuration/PrivacyStatus.swift; sourceTree = SOURCE_ROOT; };
		21FBA54F2463DFFF00A2A009 /* ConfigurationConstants.swift */ = {isa = PBXFileReference; lastKnownFileType = sourcecode.swift; name = ConfigurationConstants.swift; path = Sources/configuration/ConfigurationConstants.swift; sourceTree = SOURCE_ROOT; };
		21FBA5512463E55200A2A009 /* AEPConfiguration.swift */ = {isa = PBXFileReference; lastKnownFileType = sourcecode.swift; name = AEPConfiguration.swift; path = Sources/configuration/AEPConfiguration.swift; sourceTree = SOURCE_ROOT; };
		7629742B24294215005CCC73 /* SharedState.swift */ = {isa = PBXFileReference; fileEncoding = 4; lastKnownFileType = sourcecode.swift; path = SharedState.swift; sourceTree = "<group>"; };
		7629742E24294249005CCC73 /* SharedStateTest.swift */ = {isa = PBXFileReference; fileEncoding = 4; lastKnownFileType = sourcecode.swift; path = SharedStateTest.swift; sourceTree = "<group>"; };
		76850D17242EDE58003922F4 /* OperationOrdererTests.swift */ = {isa = PBXFileReference; lastKnownFileType = sourcecode.swift; path = OperationOrdererTests.swift; sourceTree = "<group>"; };
		76850D1924313181003922F4 /* OperationOrderer.swift */ = {isa = PBXFileReference; fileEncoding = 4; lastKnownFileType = sourcecode.swift; path = OperationOrderer.swift; sourceTree = "<group>"; };
		785220D3245C921D00B46E90 /* NamedUserDefaultKeyValueService.swift */ = {isa = PBXFileReference; lastKnownFileType = sourcecode.swift; path = NamedUserDefaultKeyValueService.swift; sourceTree = "<group>"; };
		785220D5245CA92F00B46E90 /* NamedKeyValueServiceTest.swift */ = {isa = PBXFileReference; lastKnownFileType = sourcecode.swift; path = NamedKeyValueServiceTest.swift; sourceTree = "<group>"; };
		78A642562486C98E004B4E46 /* ThreadSafeArray.swift */ = {isa = PBXFileReference; lastKnownFileType = sourcecode.swift; path = ThreadSafeArray.swift; sourceTree = "<group>"; };
		78A642582486DABB004B4E46 /* ThreadSafeArrayTests.swift */ = {isa = PBXFileReference; lastKnownFileType = sourcecode.swift; path = ThreadSafeArrayTests.swift; sourceTree = "<group>"; };
		78D754D42437F92300DB9124 /* NamedKeyValueService.swift */ = {isa = PBXFileReference; fileEncoding = 4; lastKnownFileType = sourcecode.swift; path = NamedKeyValueService.swift; sourceTree = "<group>"; };
		78D754D82437F93E00DB9124 /* NamedKeyValueStoreTest.swift */ = {isa = PBXFileReference; fileEncoding = 4; lastKnownFileType = sourcecode.swift; path = NamedKeyValueStoreTest.swift; sourceTree = "<group>"; };
		78D754DA243B7E1900DB9124 /* NamedKeyValueStore.swift */ = {isa = PBXFileReference; lastKnownFileType = sourcecode.swift; path = NamedKeyValueStore.swift; sourceTree = "<group>"; };
		78D754DE243BC34100DB9124 /* SystemInfoService.swift */ = {isa = PBXFileReference; lastKnownFileType = sourcecode.swift; path = SystemInfoService.swift; sourceTree = "<group>"; };
		78D754E32441192700DB9124 /* SystemInfoServiceTest.swift */ = {isa = PBXFileReference; lastKnownFileType = sourcecode.swift; path = SystemInfoServiceTest.swift; sourceTree = "<group>"; };
		78D754F1244511D100DB9124 /* TestConfig.json */ = {isa = PBXFileReference; lastKnownFileType = text.json; path = TestConfig.json; sourceTree = "<group>"; };
		78D754F32445227D00DB9124 /* ApplicationSystemInfoService.swift */ = {isa = PBXFileReference; lastKnownFileType = sourcecode.swift; path = ApplicationSystemInfoService.swift; sourceTree = "<group>"; };
		78DEFEF0244A183400D7E9FB /* TestImage.png */ = {isa = PBXFileReference; lastKnownFileType = image.png; path = TestImage.png; sourceTree = "<group>"; };
		78DEFEF224509E3C00D7E9FB /* AEPServiceProvider.swift */ = {isa = PBXFileReference; lastKnownFileType = sourcecode.swift; path = AEPServiceProvider.swift; sourceTree = "<group>"; };
		78E2AC8B2476FFA900E49D64 /* LifecycleMetricsBuilder.swift */ = {isa = PBXFileReference; lastKnownFileType = sourcecode.swift; name = LifecycleMetricsBuilder.swift; path = Sources/Lifecycle/LifecycleMetricsBuilder.swift; sourceTree = SOURCE_ROOT; };
		78E2AC8D247700F400E49D64 /* LifecycleMetricsBuilderTests.swift */ = {isa = PBXFileReference; lastKnownFileType = sourcecode.swift; path = LifecycleMetricsBuilderTests.swift; sourceTree = "<group>"; };
		D4000F112458DE700052C536 /* NetworkService.swift */ = {isa = PBXFileReference; lastKnownFileType = sourcecode.swift; path = NetworkService.swift; sourceTree = "<group>"; };
		D4000F132458DE8E0052C536 /* AEPNetworkService.swift */ = {isa = PBXFileReference; lastKnownFileType = sourcecode.swift; path = AEPNetworkService.swift; sourceTree = "<group>"; };
		D4000F152458DEA20052C536 /* HttpMethod.swift */ = {isa = PBXFileReference; lastKnownFileType = sourcecode.swift; path = HttpMethod.swift; sourceTree = "<group>"; };
		D4000F172458DEB60052C536 /* HttpConnection.swift */ = {isa = PBXFileReference; lastKnownFileType = sourcecode.swift; path = HttpConnection.swift; sourceTree = "<group>"; };
		D4000F192458DEDE0052C536 /* NetworkRequest.swift */ = {isa = PBXFileReference; lastKnownFileType = sourcecode.swift; path = NetworkRequest.swift; sourceTree = "<group>"; };
		D4000F202458E08C0052C536 /* NetworkServiceTests.swift */ = {isa = PBXFileReference; lastKnownFileType = sourcecode.swift; path = NetworkServiceTests.swift; sourceTree = "<group>"; };
		D4000F242458E10D0052C536 /* MockURLSession.swift */ = {isa = PBXFileReference; lastKnownFileType = sourcecode.swift; path = MockURLSession.swift; sourceTree = "<group>"; };
		D4000F262458E1240052C536 /* MockTask.swift */ = {isa = PBXFileReference; lastKnownFileType = sourcecode.swift; path = MockTask.swift; sourceTree = "<group>"; };
		D4000F2B2458E8350052C536 /* MockNetworkServiceOverrider.swift */ = {isa = PBXFileReference; lastKnownFileType = sourcecode.swift; path = MockNetworkServiceOverrider.swift; sourceTree = "<group>"; };
/* End PBXFileReference section */

/* Begin PBXFrameworksBuildPhase section */
		21CAC0D32422917600C11388 /* Frameworks */ = {
			isa = PBXFrameworksBuildPhase;
			buildActionMask = 2147483647;
			files = (
			);
			runOnlyForDeploymentPostprocessing = 0;
		};
		21CAC0DC2422917600C11388 /* Frameworks */ = {
			isa = PBXFrameworksBuildPhase;
			buildActionMask = 2147483647;
			files = (
				21CAC0E02422917600C11388 /* AEPCore.framework in Frameworks */,
			);
			runOnlyForDeploymentPostprocessing = 0;
		};
/* End PBXFrameworksBuildPhase section */

/* Begin PBXGroup section */
		2131A1B02465D7EC00F1392D /* ConfigurationTests */ = {
			isa = PBXGroup;
			children = (
				2131A1B12465D81400F1392D /* AEPCore+ConfigurationTests.swift */,
				21F02C372477077600D25528 /* ConfigurationStateTests.swift */,
				21F02C39247707D800D25528 /* LaunchIDManagerTests.swift */,
				215AA6202465E02C00CEB4F4 /* ConfigurationDownloaderTests.swift */,
				218208EC247EED6D003D3591 /* ConfigurationFunctionalTests.swift */,
			);
			path = ConfigurationTests;
			sourceTree = "<group>";
		};
		213E87B72433E9B000033447 /* TestHelpers */ = {
			isa = PBXGroup;
			children = (
				21CD2B22246C7B7F0041E1A2 /* MockSystemInfoService.swift */,
				2131A1B32465D81E00F1392D /* EventHub+Testable.swift */,
				213E87B82433E9BD00033447 /* SharedStateTestHelper.swift */,
				D4000F242458E10D0052C536 /* MockURLSession.swift */,
				D4000F262458E1240052C536 /* MockTask.swift */,
				D4000F2B2458E8350052C536 /* MockNetworkServiceOverrider.swift */,
				21F02C3D2477819100D25528 /* MockConfigurationDownloader.swift */,
				21A10254248170E5009AB015 /* MockConfigurationDownloaderNetworkService.swift */,
			);
			path = TestHelpers;
			sourceTree = "<group>";
		};
		214149C82429A3D000FCE512 /* MockExtensions */ = {
			isa = PBXGroup;
			children = (
				213C8BD424252302009F780A /* MockExtension.swift */,
				21F9174B2433E429000743E3 /* MockExtensionTwo.swift */,
				214149C52429A39B00FCE512 /* SlowMockExtension.swift */,
			);
			path = MockExtensions;
			sourceTree = "<group>";
		};
		21629DA82461C8EC009D05BF /* Lifecycle */ = {
			isa = PBXGroup;
			children = (
				21629DA92461CA3F009D05BF /* Lifecycle.swift */,
				21629DAB2461CA88009D05BF /* LifecycleConstants.swift */,
				21629DAD2461CABE009D05BF /* AEPLifecycle.swift */,
				21629DAF2461CAD0009D05BF /* AEPCore+Lifecycle.swift */,
				21F3619F246DE4B5009AB88B /* LifecycleMetrics.swift */,
				78E2AC8B2476FFA900E49D64 /* LifecycleMetricsBuilder.swift */,
				21F02C302476F45B00D25528 /* LifecycleSession.swift */,
				215CA8142481C9430078D778 /* LifecycleState.swift */,
				215CA8162481C9610078D778 /* LifecycleContextData.swift */,
			);
			path = Lifecycle;
			sourceTree = "<group>";
		};
		21CAC0CC2422917600C11388 = {
			isa = PBXGroup;
			children = (
				21CAC0D82422917600C11388 /* AEPCore */,
				21CAC0E32422917600C11388 /* AEPCoreTests */,
				21CAC0D72422917600C11388 /* Products */,
			);
			sourceTree = "<group>";
		};
		21CAC0D72422917600C11388 /* Products */ = {
			isa = PBXGroup;
			children = (
				21CAC0D62422917600C11388 /* AEPCore.framework */,
				21CAC0DF2422917600C11388 /* AEPCoreTests.xctest */,
			);
			name = Products;
			sourceTree = "<group>";
		};
		21CAC0D82422917600C11388 /* AEPCore */ = {
			isa = PBXGroup;
			children = (
				21315BB424575ED200D1B254 /* AEPCore.swift */,
				21629DA82461C8EC009D05BF /* Lifecycle */,
				21FBA5482463DFA100A2A009 /* configuration */,
				78D754D32437F92300DB9124 /* services */,
				76297427242941EE005CCC73 /* utility */,
				21CAC0F024229C9B00C11388 /* Event Hub */,
				21CAC0D92422917600C11388 /* AEPCore.h */,
				21CAC0DA2422917600C11388 /* Info.plist */,
			);
			name = AEPCore;
			sourceTree = "<group>";
		};
		21CAC0E32422917600C11388 /* AEPCoreTests */ = {
			isa = PBXGroup;
			children = (
				2131A1B02465D7EC00F1392D /* ConfigurationTests */,
				21D4A658246D991200DFCD02 /* LifecycleTests */,
				78D754F02445115200DB9124 /* TestResources */,
				78D754D72437F93E00DB9124 /* ServicesTests */,
				76850D10242C1E7D003922F4 /* UtilityTests */,
				7629742E24294249005CCC73 /* SharedStateTest.swift */,
				21CAC0E42422917600C11388 /* AEPCoreTests.swift */,
				213C8BC9242521BC009F780A /* EventHubTests.swift */,
				214149C82429A3D000FCE512 /* MockExtensions */,
				21CAC0E62422917600C11388 /* Info.plist */,
				213E87B72433E9B000033447 /* TestHelpers */,
			);
			path = AEPCoreTests;
			sourceTree = "<group>";
		};
		21CAC0F024229C9B00C11388 /* Event Hub */ = {
			isa = PBXGroup;
			children = (
				7629742B24294215005CCC73 /* SharedState.swift */,
				213C8BC5242426A1009F780A /* EventHub.swift */,
				21F235BC24325A6200C3E59A /* EventHubConstants.swift */,
				213C8C0724297773009F780A /* EventHubError.swift */,
				21CAC0F224229CDB00C11388 /* Event.swift */,
				21CAC0F124229CDB00C11388 /* EventSource.swift */,
				21CAC0F324229CDB00C11388 /* EventType.swift */,
				213C8BD62428822A009F780A /* EventListenerContainer.swift */,
				21DB708C242AAD3D00568A4C /* ExtensionContainer.swift */,
				213C8BC7242426DC009F780A /* Extension.swift */,
			);
			name = "Event Hub";
			path = Sources/eventhub;
			sourceTree = "<group>";
		};
		21D4A658246D991200DFCD02 /* LifecycleTests */ = {
			isa = PBXGroup;
			children = (
				21F361A1246DE4C9009AB88B /* LifecycleMetricsTests.swift */,
				21F02C2E2476F44300D25528 /* LifecycleSessionTests.swift */,
				21629DB12461CC48009D05BF /* AEPCore+LifecycleTests.swift */,
				78E2AC8D247700F400E49D64 /* LifecycleMetricsBuilderTests.swift */,
				215CA8182481CA780078D778 /* LifecycleStateTests.swift */,
				2181947D2489CFEF004F869A /* LifecycleContextDataTests.swift */,
			);
			path = LifecycleTests;
			sourceTree = "<group>";
		};
		21FBA5482463DFA100A2A009 /* configuration */ = {
			isa = PBXGroup;
			children = (
				21FBA5492463DFCE00A2A009 /* Configuration.swift */,
				21FBA5512463E55200A2A009 /* AEPConfiguration.swift */,
				21FBA54B2463DFDB00A2A009 /* AEPCore+Configuration.swift */,
				21FBA54D2463DFE800A2A009 /* PrivacyStatus.swift */,
				21FBA54F2463DFFF00A2A009 /* ConfigurationConstants.swift */,
				215AA61C2465DFE200CEB4F4 /* CachedConfiguration.swift */,
				215AA61E2465DFF900CEB4F4 /* ConfigurationDownloader.swift */,
				21FB910D247639EE00074BF9 /* ConfigurationDownloadable.swift */,
				21F02C332477066800D25528 /* ConfigurationState.swift */,
				21F02C352477067900D25528 /* LaunchIDManager.swift */,
				214B5220248AB1710034BF22 /* Event+Configuration.swift */,
			);
			path = configuration;
			sourceTree = "<group>";
		};
		76297427242941EE005CCC73 /* utility */ = {
			isa = PBXGroup;
			children = (
				76850D1924313181003922F4 /* OperationOrderer.swift */,
				21DB7093242BEBB800568A4C /* ThreadSafeDictionary.swift */,
				21599655243E4EEB00E202B1 /* AnyCodable.swift */,
				21315BB924579C4A00D1B254 /* AtomicCounter.swift */,
				78A642562486C98E004B4E46 /* ThreadSafeArray.swift */,
			);
			name = utility;
			path = Sources/utility;
			sourceTree = "<group>";
		};
		76850D10242C1E7D003922F4 /* UtilityTests */ = {
			isa = PBXGroup;
			children = (
				76850D17242EDE58003922F4 /* OperationOrdererTests.swift */,
				21599658243E4F0B00E202B1 /* AnyCodableTests.swift */,
				21C754B224785E52007B8871 /* ThreadSafeDictionaryTests.swift */,
				78A642582486DABB004B4E46 /* ThreadSafeArrayTests.swift */,
			);
			path = UtilityTests;
			sourceTree = "<group>";
		};
		78D754D32437F92300DB9124 /* services */ = {
			isa = PBXGroup;
			children = (
				78DEFEF224509E3C00D7E9FB /* AEPServiceProvider.swift */,
				78D754DE243BC34100DB9124 /* SystemInfoService.swift */,
				78D754F32445227D00DB9124 /* ApplicationSystemInfoService.swift */,
				78D754D42437F92300DB9124 /* NamedKeyValueService.swift */,
				78D754DA243B7E1900DB9124 /* NamedKeyValueStore.swift */,
				785220D3245C921D00B46E90 /* NamedUserDefaultKeyValueService.swift */,
				D4000F2A2458E6EE0052C536 /* NetworkService */,
			);
			name = services;
			path = Sources/services;
			sourceTree = "<group>";
		};
		78D754D72437F93E00DB9124 /* ServicesTests */ = {
			isa = PBXGroup;
			children = (
				D4000F202458E08C0052C536 /* NetworkServiceTests.swift */,
				78D754E32441192700DB9124 /* SystemInfoServiceTest.swift */,
				78D754D82437F93E00DB9124 /* NamedKeyValueStoreTest.swift */,
				785220D5245CA92F00B46E90 /* NamedKeyValueServiceTest.swift */,
			);
			path = ServicesTests;
			sourceTree = "<group>";
		};
		78D754F02445115200DB9124 /* TestResources */ = {
			isa = PBXGroup;
			children = (
				78DEFEF0244A183400D7E9FB /* TestImage.png */,
				78D754F1244511D100DB9124 /* TestConfig.json */,
				215AA6222465E06600CEB4F4 /* ADBMobileConfig.json */,
			);
			path = TestResources;
			sourceTree = "<group>";
		};
		D4000F2A2458E6EE0052C536 /* NetworkService */ = {
			isa = PBXGroup;
			children = (
				D4000F132458DE8E0052C536 /* AEPNetworkService.swift */,
				D4000F152458DEA20052C536 /* HttpMethod.swift */,
				D4000F172458DEB60052C536 /* HttpConnection.swift */,
				D4000F192458DEDE0052C536 /* NetworkRequest.swift */,
				D4000F112458DE700052C536 /* NetworkService.swift */,
				218CAD7424744A6D004DA1E8 /* NetworkServiceConstants.swift */,
			);
			name = NetworkService;
			sourceTree = "<group>";
		};
/* End PBXGroup section */

/* Begin PBXHeadersBuildPhase section */
		21CAC0D12422917600C11388 /* Headers */ = {
			isa = PBXHeadersBuildPhase;
			buildActionMask = 2147483647;
			files = (
				21CAC0E72422917600C11388 /* AEPCore.h in Headers */,
			);
			runOnlyForDeploymentPostprocessing = 0;
		};
/* End PBXHeadersBuildPhase section */

/* Begin PBXNativeTarget section */
		21CAC0D52422917600C11388 /* AEPCore */ = {
			isa = PBXNativeTarget;
			buildConfigurationList = 21CAC0EA2422917600C11388 /* Build configuration list for PBXNativeTarget "AEPCore" */;
			buildPhases = (
				21CAC0D12422917600C11388 /* Headers */,
				21CAC0D22422917600C11388 /* Sources */,
				21CAC0D32422917600C11388 /* Frameworks */,
				21CAC0D42422917600C11388 /* Resources */,
			);
			buildRules = (
			);
			dependencies = (
			);
			name = AEPCore;
			productName = AEPCore;
			productReference = 21CAC0D62422917600C11388 /* AEPCore.framework */;
			productType = "com.apple.product-type.framework";
		};
		21CAC0DE2422917600C11388 /* AEPCoreTests */ = {
			isa = PBXNativeTarget;
			buildConfigurationList = 21CAC0ED2422917600C11388 /* Build configuration list for PBXNativeTarget "AEPCoreTests" */;
			buildPhases = (
				21CAC0DB2422917600C11388 /* Sources */,
				21CAC0DC2422917600C11388 /* Frameworks */,
				21CAC0DD2422917600C11388 /* Resources */,
			);
			buildRules = (
			);
			dependencies = (
				21CAC0E22422917600C11388 /* PBXTargetDependency */,
			);
			name = AEPCoreTests;
			productName = AEPCoreTests;
			productReference = 21CAC0DF2422917600C11388 /* AEPCoreTests.xctest */;
			productType = "com.apple.product-type.bundle.unit-test";
		};
/* End PBXNativeTarget section */

/* Begin PBXProject section */
		21CAC0CD2422917600C11388 /* Project object */ = {
			isa = PBXProject;
			attributes = {
				LastSwiftUpdateCheck = 1130;
				LastUpgradeCheck = 1130;
				ORGANIZATIONNAME = Adobe;
				TargetAttributes = {
					21CAC0D52422917600C11388 = {
						CreatedOnToolsVersion = 11.3.1;
						LastSwiftMigration = 1130;
					};
					21CAC0DE2422917600C11388 = {
						CreatedOnToolsVersion = 11.3.1;
					};
				};
			};
			buildConfigurationList = 21CAC0D02422917600C11388 /* Build configuration list for PBXProject "AEPCore" */;
			compatibilityVersion = "Xcode 9.3";
			developmentRegion = en;
			hasScannedForEncodings = 0;
			knownRegions = (
				en,
				Base,
			);
			mainGroup = 21CAC0CC2422917600C11388;
			productRefGroup = 21CAC0D72422917600C11388 /* Products */;
			projectDirPath = "";
			projectRoot = "";
			targets = (
				21CAC0D52422917600C11388 /* AEPCore */,
				21CAC0DE2422917600C11388 /* AEPCoreTests */,
			);
		};
/* End PBXProject section */

/* Begin PBXResourcesBuildPhase section */
		21CAC0D42422917600C11388 /* Resources */ = {
			isa = PBXResourcesBuildPhase;
			buildActionMask = 2147483647;
			files = (
			);
			runOnlyForDeploymentPostprocessing = 0;
		};
		21CAC0DD2422917600C11388 /* Resources */ = {
			isa = PBXResourcesBuildPhase;
			buildActionMask = 2147483647;
			files = (
				78D754F2244511D100DB9124 /* TestConfig.json in Resources */,
				215AA6232465E06600CEB4F4 /* ADBMobileConfig.json in Resources */,
				78DEFEF1244A183400D7E9FB /* TestImage.png in Resources */,
			);
			runOnlyForDeploymentPostprocessing = 0;
		};
/* End PBXResourcesBuildPhase section */

/* Begin PBXSourcesBuildPhase section */
		21CAC0D22422917600C11388 /* Sources */ = {
			isa = PBXSourcesBuildPhase;
			buildActionMask = 2147483647;
			files = (
				213C8C0824297773009F780A /* EventHubError.swift in Sources */,
				76850D1A24313181003922F4 /* OperationOrderer.swift in Sources */,
				2179F183246490140004A7C0 /* Lifecycle.swift in Sources */,
				213C8BC8242426DC009F780A /* Extension.swift in Sources */,
				21CAC0F524229CDB00C11388 /* Event.swift in Sources */,
				D4000F122458DE700052C536 /* NetworkService.swift in Sources */,
				D4000F182458DEB60052C536 /* HttpConnection.swift in Sources */,
				21F02C322476F49F00D25528 /* LifecycleSession.swift in Sources */,
				D4000F142458DE8E0052C536 /* AEPNetworkService.swift in Sources */,
				D4000F1A2458DEDE0052C536 /* NetworkRequest.swift in Sources */,
				21315BBA24579C4A00D1B254 /* AtomicCounter.swift in Sources */,
				213C8BD72428822A009F780A /* EventListenerContainer.swift in Sources */,
				785220D4245C921D00B46E90 /* NamedUserDefaultKeyValueService.swift in Sources */,
				78A642572486C98E004B4E46 /* ThreadSafeArray.swift in Sources */,
				2179F1842464901A0004A7C0 /* AEPLifecycle.swift in Sources */,
				21DB708D242AAD3D00568A4C /* ExtensionContainer.swift in Sources */,
				78D754DF243BC34100DB9124 /* SystemInfoService.swift in Sources */,
				21629DAC2461CA88009D05BF /* LifecycleConstants.swift in Sources */,
				21629DB02461CAD0009D05BF /* AEPCore+Lifecycle.swift in Sources */,
				21CAC0F624229CDB00C11388 /* EventType.swift in Sources */,
				21FB910E247639EE00074BF9 /* ConfigurationDownloadable.swift in Sources */,
				21FBA54A2463DFCE00A2A009 /* Configuration.swift in Sources */,
				7629742C24294215005CCC73 /* SharedState.swift in Sources */,
				213C8BC6242426A1009F780A /* EventHub.swift in Sources */,
				D4000F162458DEA20052C536 /* HttpMethod.swift in Sources */,
				214B5221248AB1710034BF22 /* Event+Configuration.swift in Sources */,
				78E2AC8C2476FFA900E49D64 /* LifecycleMetricsBuilder.swift in Sources */,
				78D754F42445227D00DB9124 /* ApplicationSystemInfoService.swift in Sources */,
				21CAC0F424229CDB00C11388 /* EventSource.swift in Sources */,
				21FBA5502463DFFF00A2A009 /* ConfigurationConstants.swift in Sources */,
				78DEFEF324509E3C00D7E9FB /* AEPServiceProvider.swift in Sources */,
				21FBA5522463E55200A2A009 /* AEPConfiguration.swift in Sources */,
				21FBA54E2463DFE800A2A009 /* PrivacyStatus.swift in Sources */,
				215AA61D2465DFE200CEB4F4 /* CachedConfiguration.swift in Sources */,
				215CA8172481C9610078D778 /* LifecycleContextData.swift in Sources */,
				21DB7094242BEBB800568A4C /* ThreadSafeDictionary.swift in Sources */,
				215AA61F2465DFF900CEB4F4 /* ConfigurationDownloader.swift in Sources */,
				21FBA54C2463DFDB00A2A009 /* AEPCore+Configuration.swift in Sources */,
				21F02C342477066800D25528 /* ConfigurationState.swift in Sources */,
				218CAD7524744A6D004DA1E8 /* NetworkServiceConstants.swift in Sources */,
				78D754D52437F92300DB9124 /* NamedKeyValueService.swift in Sources */,
				21599656243E4EEB00E202B1 /* AnyCodable.swift in Sources */,
				21F361A0246DE4B5009AB88B /* LifecycleMetrics.swift in Sources */,
				215CA8152481C9430078D778 /* LifecycleState.swift in Sources */,
				78D754DB243B7E1A00DB9124 /* NamedKeyValueStore.swift in Sources */,
				21315BB524575ED200D1B254 /* AEPCore.swift in Sources */,
				21F02C362477067900D25528 /* LaunchIDManager.swift in Sources */,
				21F235BD24325A6200C3E59A /* EventHubConstants.swift in Sources */,
			);
			runOnlyForDeploymentPostprocessing = 0;
		};
		21CAC0DB2422917600C11388 /* Sources */ = {
			isa = PBXSourcesBuildPhase;
			buildActionMask = 2147483647;
			files = (
				21F02C3A247707D800D25528 /* LaunchIDManagerTests.swift in Sources */,
				215AA6212465E02C00CEB4F4 /* ConfigurationDownloaderTests.swift in Sources */,
				D4000F2C2458E8350052C536 /* MockNetworkServiceOverrider.swift in Sources */,
				21C754B324785E52007B8871 /* ThreadSafeDictionaryTests.swift in Sources */,
				D4000F272458E1240052C536 /* MockTask.swift in Sources */,
				D4000F212458E08C0052C536 /* NetworkServiceTests.swift in Sources */,
				D4000F252458E10D0052C536 /* MockURLSession.swift in Sources */,
				21CD2B23246C7B7F0041E1A2 /* MockSystemInfoService.swift in Sources */,
				78E2AC8E247700F400E49D64 /* LifecycleMetricsBuilderTests.swift in Sources */,
				21F02C2F2476F44300D25528 /* LifecycleSessionTests.swift in Sources */,
				2131A1B42465D81E00F1392D /* EventHub+Testable.swift in Sources */,
				21CAC0E52422917600C11388 /* AEPCoreTests.swift in Sources */,
				76850D18242EDE58003922F4 /* OperationOrdererTests.swift in Sources */,
				21629DB22461CC48009D05BF /* AEPCore+LifecycleTests.swift in Sources */,
				78D754E62441205F00DB9124 /* SystemInfoServiceTest.swift in Sources */,
				21F9174C2433E429000743E3 /* MockExtensionTwo.swift in Sources */,
				2181947E2489CFEF004F869A /* LifecycleContextDataTests.swift in Sources */,
				21A10255248170E5009AB015 /* MockConfigurationDownloaderNetworkService.swift in Sources */,
				218208ED247EED6D003D3591 /* ConfigurationFunctionalTests.swift in Sources */,
				7629742F24294249005CCC73 /* SharedStateTest.swift in Sources */,
				785220D6245CA92F00B46E90 /* NamedKeyValueServiceTest.swift in Sources */,
				213E87B92433E9BD00033447 /* SharedStateTestHelper.swift in Sources */,
				21F361A2246DE4C9009AB88B /* LifecycleMetricsTests.swift in Sources */,
				78A642592486DABB004B4E46 /* ThreadSafeArrayTests.swift in Sources */,
				21599659243E4F0B00E202B1 /* AnyCodableTests.swift in Sources */,
				2131A1B22465D81400F1392D /* AEPCore+ConfigurationTests.swift in Sources */,
				213C8BD524252302009F780A /* MockExtension.swift in Sources */,
				213C8BCA242521BC009F780A /* EventHubTests.swift in Sources */,
				21F02C382477077600D25528 /* ConfigurationStateTests.swift in Sources */,
				21315BBB24579F1800D1B254 /* AtomicCounter.swift in Sources */,
				215CA8192481CA780078D778 /* LifecycleStateTests.swift in Sources */,
				214149C72429A39B00FCE512 /* SlowMockExtension.swift in Sources */,
				21F02C3E2477819100D25528 /* MockConfigurationDownloader.swift in Sources */,
				78D754D92437F93E00DB9124 /* NamedKeyValueStoreTest.swift in Sources */,
			);
			runOnlyForDeploymentPostprocessing = 0;
		};
/* End PBXSourcesBuildPhase section */

/* Begin PBXTargetDependency section */
		21CAC0E22422917600C11388 /* PBXTargetDependency */ = {
			isa = PBXTargetDependency;
			target = 21CAC0D52422917600C11388 /* AEPCore */;
			targetProxy = 21CAC0E12422917600C11388 /* PBXContainerItemProxy */;
		};
/* End PBXTargetDependency section */

/* Begin XCBuildConfiguration section */
		21CAC0E82422917600C11388 /* Debug */ = {
			isa = XCBuildConfiguration;
			buildSettings = {
				ALWAYS_SEARCH_USER_PATHS = NO;
				CLANG_ANALYZER_NONNULL = YES;
				CLANG_ANALYZER_NUMBER_OBJECT_CONVERSION = YES_AGGRESSIVE;
				CLANG_CXX_LANGUAGE_STANDARD = "gnu++14";
				CLANG_CXX_LIBRARY = "libc++";
				CLANG_ENABLE_MODULES = YES;
				CLANG_ENABLE_OBJC_ARC = YES;
				CLANG_ENABLE_OBJC_WEAK = YES;
				CLANG_WARN_BLOCK_CAPTURE_AUTORELEASING = YES;
				CLANG_WARN_BOOL_CONVERSION = YES;
				CLANG_WARN_COMMA = YES;
				CLANG_WARN_CONSTANT_CONVERSION = YES;
				CLANG_WARN_DEPRECATED_OBJC_IMPLEMENTATIONS = YES;
				CLANG_WARN_DIRECT_OBJC_ISA_USAGE = YES_ERROR;
				CLANG_WARN_DOCUMENTATION_COMMENTS = YES;
				CLANG_WARN_EMPTY_BODY = YES;
				CLANG_WARN_ENUM_CONVERSION = YES;
				CLANG_WARN_INFINITE_RECURSION = YES;
				CLANG_WARN_INT_CONVERSION = YES;
				CLANG_WARN_NON_LITERAL_NULL_CONVERSION = YES;
				CLANG_WARN_OBJC_IMPLICIT_RETAIN_SELF = YES;
				CLANG_WARN_OBJC_LITERAL_CONVERSION = YES;
				CLANG_WARN_OBJC_ROOT_CLASS = YES_ERROR;
				CLANG_WARN_RANGE_LOOP_ANALYSIS = YES;
				CLANG_WARN_STRICT_PROTOTYPES = YES;
				CLANG_WARN_SUSPICIOUS_MOVE = YES;
				CLANG_WARN_UNGUARDED_AVAILABILITY = YES_AGGRESSIVE;
				CLANG_WARN_UNREACHABLE_CODE = YES;
				CLANG_WARN__DUPLICATE_METHOD_MATCH = YES;
				COPY_PHASE_STRIP = NO;
				CURRENT_PROJECT_VERSION = 1;
				DEBUG_INFORMATION_FORMAT = dwarf;
				ENABLE_STRICT_OBJC_MSGSEND = YES;
				ENABLE_TESTABILITY = YES;
				GCC_C_LANGUAGE_STANDARD = gnu11;
				GCC_DYNAMIC_NO_PIC = NO;
				GCC_NO_COMMON_BLOCKS = YES;
				GCC_OPTIMIZATION_LEVEL = 0;
				GCC_PREPROCESSOR_DEFINITIONS = (
					"DEBUG=1",
					"$(inherited)",
				);
				GCC_WARN_64_TO_32_BIT_CONVERSION = YES;
				GCC_WARN_ABOUT_RETURN_TYPE = YES_ERROR;
				GCC_WARN_UNDECLARED_SELECTOR = YES;
				GCC_WARN_UNINITIALIZED_AUTOS = YES_AGGRESSIVE;
				GCC_WARN_UNUSED_FUNCTION = YES;
				GCC_WARN_UNUSED_VARIABLE = YES;
				IPHONEOS_DEPLOYMENT_TARGET = 13.2;
				MTL_ENABLE_DEBUG_INFO = INCLUDE_SOURCE;
				MTL_FAST_MATH = YES;
				ONLY_ACTIVE_ARCH = YES;
				SDKROOT = iphoneos;
				SWIFT_ACTIVE_COMPILATION_CONDITIONS = DEBUG;
				SWIFT_OPTIMIZATION_LEVEL = "-Onone";
				VERSIONING_SYSTEM = "apple-generic";
				VERSION_INFO_PREFIX = "";
			};
			name = Debug;
		};
		21CAC0E92422917600C11388 /* Release */ = {
			isa = XCBuildConfiguration;
			buildSettings = {
				ALWAYS_SEARCH_USER_PATHS = NO;
				CLANG_ANALYZER_NONNULL = YES;
				CLANG_ANALYZER_NUMBER_OBJECT_CONVERSION = YES_AGGRESSIVE;
				CLANG_CXX_LANGUAGE_STANDARD = "gnu++14";
				CLANG_CXX_LIBRARY = "libc++";
				CLANG_ENABLE_MODULES = YES;
				CLANG_ENABLE_OBJC_ARC = YES;
				CLANG_ENABLE_OBJC_WEAK = YES;
				CLANG_WARN_BLOCK_CAPTURE_AUTORELEASING = YES;
				CLANG_WARN_BOOL_CONVERSION = YES;
				CLANG_WARN_COMMA = YES;
				CLANG_WARN_CONSTANT_CONVERSION = YES;
				CLANG_WARN_DEPRECATED_OBJC_IMPLEMENTATIONS = YES;
				CLANG_WARN_DIRECT_OBJC_ISA_USAGE = YES_ERROR;
				CLANG_WARN_DOCUMENTATION_COMMENTS = YES;
				CLANG_WARN_EMPTY_BODY = YES;
				CLANG_WARN_ENUM_CONVERSION = YES;
				CLANG_WARN_INFINITE_RECURSION = YES;
				CLANG_WARN_INT_CONVERSION = YES;
				CLANG_WARN_NON_LITERAL_NULL_CONVERSION = YES;
				CLANG_WARN_OBJC_IMPLICIT_RETAIN_SELF = YES;
				CLANG_WARN_OBJC_LITERAL_CONVERSION = YES;
				CLANG_WARN_OBJC_ROOT_CLASS = YES_ERROR;
				CLANG_WARN_RANGE_LOOP_ANALYSIS = YES;
				CLANG_WARN_STRICT_PROTOTYPES = YES;
				CLANG_WARN_SUSPICIOUS_MOVE = YES;
				CLANG_WARN_UNGUARDED_AVAILABILITY = YES_AGGRESSIVE;
				CLANG_WARN_UNREACHABLE_CODE = YES;
				CLANG_WARN__DUPLICATE_METHOD_MATCH = YES;
				COPY_PHASE_STRIP = NO;
				CURRENT_PROJECT_VERSION = 1;
				DEBUG_INFORMATION_FORMAT = "dwarf-with-dsym";
				ENABLE_NS_ASSERTIONS = NO;
				ENABLE_STRICT_OBJC_MSGSEND = YES;
				GCC_C_LANGUAGE_STANDARD = gnu11;
				GCC_NO_COMMON_BLOCKS = YES;
				GCC_WARN_64_TO_32_BIT_CONVERSION = YES;
				GCC_WARN_ABOUT_RETURN_TYPE = YES_ERROR;
				GCC_WARN_UNDECLARED_SELECTOR = YES;
				GCC_WARN_UNINITIALIZED_AUTOS = YES_AGGRESSIVE;
				GCC_WARN_UNUSED_FUNCTION = YES;
				GCC_WARN_UNUSED_VARIABLE = YES;
				IPHONEOS_DEPLOYMENT_TARGET = 13.2;
				MTL_ENABLE_DEBUG_INFO = NO;
				MTL_FAST_MATH = YES;
				SDKROOT = iphoneos;
				SWIFT_COMPILATION_MODE = wholemodule;
				SWIFT_OPTIMIZATION_LEVEL = "-O";
				VALIDATE_PRODUCT = YES;
				VERSIONING_SYSTEM = "apple-generic";
				VERSION_INFO_PREFIX = "";
			};
			name = Release;
		};
		21CAC0EB2422917600C11388 /* Debug */ = {
			isa = XCBuildConfiguration;
			buildSettings = {
				CLANG_ENABLE_MODULES = YES;
				CODE_SIGN_STYLE = Automatic;
				DEFINES_MODULE = YES;
				DEVELOPMENT_TEAM = 66USX5VV9D;
				DYLIB_COMPATIBILITY_VERSION = 1;
				DYLIB_CURRENT_VERSION = 1;
				DYLIB_INSTALL_NAME_BASE = "@rpath";
				INFOPLIST_FILE = "$(SRCROOT)/Info.plist";
				INSTALL_PATH = "$(LOCAL_LIBRARY_DIR)/Frameworks";
				IPHONEOS_DEPLOYMENT_TARGET = 10.0;
				LD_RUNPATH_SEARCH_PATHS = (
					"$(inherited)",
					"@executable_path/Frameworks",
					"@loader_path/Frameworks",
				);
				PRODUCT_BUNDLE_IDENTIFIER = Adobe.AEPCore;
				PRODUCT_NAME = "$(TARGET_NAME:c99extidentifier)";
				SKIP_INSTALL = YES;
				SUPPORTS_MACCATALYST = NO;
				SWIFT_OPTIMIZATION_LEVEL = "-Onone";
				SWIFT_VERSION = 5.0;
				TARGETED_DEVICE_FAMILY = "1,2";
			};
			name = Debug;
		};
		21CAC0EC2422917600C11388 /* Release */ = {
			isa = XCBuildConfiguration;
			buildSettings = {
				CLANG_ENABLE_MODULES = YES;
				CODE_SIGN_STYLE = Automatic;
				DEFINES_MODULE = YES;
				DEVELOPMENT_TEAM = 66USX5VV9D;
				DYLIB_COMPATIBILITY_VERSION = 1;
				DYLIB_CURRENT_VERSION = 1;
				DYLIB_INSTALL_NAME_BASE = "@rpath";
				INFOPLIST_FILE = "$(SRCROOT)/Info.plist";
				INSTALL_PATH = "$(LOCAL_LIBRARY_DIR)/Frameworks";
				IPHONEOS_DEPLOYMENT_TARGET = 10.0;
				LD_RUNPATH_SEARCH_PATHS = (
					"$(inherited)",
					"@executable_path/Frameworks",
					"@loader_path/Frameworks",
				);
				PRODUCT_BUNDLE_IDENTIFIER = Adobe.AEPCore;
				PRODUCT_NAME = "$(TARGET_NAME:c99extidentifier)";
				SKIP_INSTALL = YES;
				SUPPORTS_MACCATALYST = NO;
				SWIFT_VERSION = 5.0;
				TARGETED_DEVICE_FAMILY = "1,2";
			};
			name = Release;
		};
		21CAC0EE2422917600C11388 /* Debug */ = {
			isa = XCBuildConfiguration;
			buildSettings = {
				ALWAYS_EMBED_SWIFT_STANDARD_LIBRARIES = YES;
				CODE_SIGN_STYLE = Automatic;
				DEVELOPMENT_TEAM = GP6Z9HB7H4;
				INFOPLIST_FILE = AEPCoreTests/Info.plist;
				IPHONEOS_DEPLOYMENT_TARGET = 10.0;
				LD_RUNPATH_SEARCH_PATHS = (
					"$(inherited)",
					"@executable_path/Frameworks",
					"@loader_path/Frameworks",
				);
				PRODUCT_BUNDLE_IDENTIFIER = Adobe.AEPCoreTests;
				PRODUCT_NAME = "$(TARGET_NAME)";
				SWIFT_VERSION = 5.0;
				TARGETED_DEVICE_FAMILY = "1,2";
			};
			name = Debug;
		};
		21CAC0EF2422917600C11388 /* Release */ = {
			isa = XCBuildConfiguration;
			buildSettings = {
				ALWAYS_EMBED_SWIFT_STANDARD_LIBRARIES = YES;
				CODE_SIGN_STYLE = Automatic;
				DEVELOPMENT_TEAM = GP6Z9HB7H4;
				INFOPLIST_FILE = AEPCoreTests/Info.plist;
				IPHONEOS_DEPLOYMENT_TARGET = 10.0;
				LD_RUNPATH_SEARCH_PATHS = (
					"$(inherited)",
					"@executable_path/Frameworks",
					"@loader_path/Frameworks",
				);
				PRODUCT_BUNDLE_IDENTIFIER = Adobe.AEPCoreTests;
				PRODUCT_NAME = "$(TARGET_NAME)";
				SWIFT_VERSION = 5.0;
				TARGETED_DEVICE_FAMILY = "1,2";
			};
			name = Release;
		};
/* End XCBuildConfiguration section */

/* Begin XCConfigurationList section */
		21CAC0D02422917600C11388 /* Build configuration list for PBXProject "AEPCore" */ = {
			isa = XCConfigurationList;
			buildConfigurations = (
				21CAC0E82422917600C11388 /* Debug */,
				21CAC0E92422917600C11388 /* Release */,
			);
			defaultConfigurationIsVisible = 0;
			defaultConfigurationName = Release;
		};
		21CAC0EA2422917600C11388 /* Build configuration list for PBXNativeTarget "AEPCore" */ = {
			isa = XCConfigurationList;
			buildConfigurations = (
				21CAC0EB2422917600C11388 /* Debug */,
				21CAC0EC2422917600C11388 /* Release */,
			);
			defaultConfigurationIsVisible = 0;
			defaultConfigurationName = Release;
		};
		21CAC0ED2422917600C11388 /* Build configuration list for PBXNativeTarget "AEPCoreTests" */ = {
			isa = XCConfigurationList;
			buildConfigurations = (
				21CAC0EE2422917600C11388 /* Debug */,
				21CAC0EF2422917600C11388 /* Release */,
			);
			defaultConfigurationIsVisible = 0;
			defaultConfigurationName = Release;
		};
/* End XCConfigurationList section */
	};
	rootObject = 21CAC0CD2422917600C11388 /* Project object */;
}
