// !$*UTF8*$!
{
	archiveVersion = 1;
	classes = {
	};
	objectVersion = 51;
	objects = {

/* Begin PBXBuildFile section */
		3FAD091425267460000D207D /* AppDelegate.m in Sources */ = {isa = PBXBuildFile; fileRef = 3FAD091325267460000D207D /* AppDelegate.m */; };
		3FAD091725267460000D207D /* SceneDelegate.m in Sources */ = {isa = PBXBuildFile; fileRef = 3FAD091625267460000D207D /* SceneDelegate.m */; };
		3FAD091A25267460000D207D /* ViewController.m in Sources */ = {isa = PBXBuildFile; fileRef = 3FAD091925267460000D207D /* ViewController.m */; };
		3FAD091D25267460000D207D /* Main.storyboard in Resources */ = {isa = PBXBuildFile; fileRef = 3FAD091B25267460000D207D /* Main.storyboard */; };
		3FAD091F25267463000D207D /* Assets.xcassets in Resources */ = {isa = PBXBuildFile; fileRef = 3FAD091E25267463000D207D /* Assets.xcassets */; };
		3FAD092225267463000D207D /* LaunchScreen.storyboard in Resources */ = {isa = PBXBuildFile; fileRef = 3FAD092025267463000D207D /* LaunchScreen.storyboard */; };
		3FAD092525267463000D207D /* main.m in Sources */ = {isa = PBXBuildFile; fileRef = 3FAD092425267463000D207D /* main.m */; };
		3FB58F86252CE33A009C1358 /* AppDelegate.swift in Sources */ = {isa = PBXBuildFile; fileRef = 3FB58F85252CE33A009C1358 /* AppDelegate.swift */; };
		3FB58F8A252CE33A009C1358 /* ViewController.swift in Sources */ = {isa = PBXBuildFile; fileRef = 3FB58F89252CE33A009C1358 /* ViewController.swift */; };
		3FB58F8D252CE33A009C1358 /* Main.storyboard in Resources */ = {isa = PBXBuildFile; fileRef = 3FB58F8B252CE33A009C1358 /* Main.storyboard */; };
		3FB58F8F252CE33B009C1358 /* Assets.xcassets in Resources */ = {isa = PBXBuildFile; fileRef = 3FB58F8E252CE33B009C1358 /* Assets.xcassets */; };
		3FB58F92252CE33B009C1358 /* LaunchScreen.storyboard in Resources */ = {isa = PBXBuildFile; fileRef = 3FB58F90252CE33B009C1358 /* LaunchScreen.storyboard */; };
		3FB58FA7252CFFD4009C1358 /* MyExtension.swift in Sources */ = {isa = PBXBuildFile; fileRef = 3FB58FA6252CFFD4009C1358 /* MyExtension.swift */; };
		780888B526D56F3800F5A665 /* LifecycleView.swift in Sources */ = {isa = PBXBuildFile; fileRef = 780888A626D56F3800F5A665 /* LifecycleView.swift */; };
		780888B626D56F3800F5A665 /* MenuView.swift in Sources */ = {isa = PBXBuildFile; fileRef = 780888A726D56F3800F5A665 /* MenuView.swift */; };
		780888B726D56F3800F5A665 /* AppDelegate.swift in Sources */ = {isa = PBXBuildFile; fileRef = 780888A826D56F3800F5A665 /* AppDelegate.swift */; };
		780888B826D56F3800F5A665 /* LaunchScreen.storyboard in Resources */ = {isa = PBXBuildFile; fileRef = 780888AA26D56F3800F5A665 /* LaunchScreen.storyboard */; };
		780888B926D56F3800F5A665 /* SceneDelegate.swift in Sources */ = {isa = PBXBuildFile; fileRef = 780888AC26D56F3800F5A665 /* SceneDelegate.swift */; };
		780888BA26D56F3800F5A665 /* AssuranceView.swift in Sources */ = {isa = PBXBuildFile; fileRef = 780888AD26D56F3800F5A665 /* AssuranceView.swift */; };
		780888BB26D56F3800F5A665 /* CoreView.swift in Sources */ = {isa = PBXBuildFile; fileRef = 780888AE26D56F3800F5A665 /* CoreView.swift */; };
		780888BC26D56F3800F5A665 /* IdentityView.swift in Sources */ = {isa = PBXBuildFile; fileRef = 780888AF26D56F3800F5A665 /* IdentityView.swift */; };
		780888BE26D56F3800F5A665 /* Assets.xcassets in Resources */ = {isa = PBXBuildFile; fileRef = 780888B126D56F3800F5A665 /* Assets.xcassets */; };
		780888C026D56F3800F5A665 /* Preview Assets.xcassets in Resources */ = {isa = PBXBuildFile; fileRef = 780888B426D56F3800F5A665 /* Preview Assets.xcassets */; };
		786D630A26D6C7DA000828FC /* AEPLifecycle.framework in Frameworks */ = {isa = PBXBuildFile; fileRef = 786D630926D6C7DA000828FC /* AEPLifecycle.framework */; };
		786D630B26D6C7DA000828FC /* AEPLifecycle.framework in Embed Frameworks */ = {isa = PBXBuildFile; fileRef = 786D630926D6C7DA000828FC /* AEPLifecycle.framework */; settings = {ATTRIBUTES = (CodeSignOnCopy, RemoveHeadersOnCopy, ); }; };
		786D631026D6C7F4000828FC /* AEPSignal.framework in Frameworks */ = {isa = PBXBuildFile; fileRef = 786D630F26D6C7F4000828FC /* AEPSignal.framework */; };
		786D631126D6C7F4000828FC /* AEPSignal.framework in Embed Frameworks */ = {isa = PBXBuildFile; fileRef = 786D630F26D6C7F4000828FC /* AEPSignal.framework */; settings = {ATTRIBUTES = (CodeSignOnCopy, RemoveHeadersOnCopy, ); }; };
		786D631326D6C7F8000828FC /* AEPIdentity.framework in Frameworks */ = {isa = PBXBuildFile; fileRef = 786D631226D6C7F8000828FC /* AEPIdentity.framework */; };
		786D631426D6C7F8000828FC /* AEPIdentity.framework in Embed Frameworks */ = {isa = PBXBuildFile; fileRef = 786D631226D6C7F8000828FC /* AEPIdentity.framework */; settings = {ATTRIBUTES = (CodeSignOnCopy, RemoveHeadersOnCopy, ); }; };
		BBF55F53251E494D00CAAC53 /* E2ETestingUITests.swift in Sources */ = {isa = PBXBuildFile; fileRef = BBF55F52251E494D00CAAC53 /* E2ETestingUITests.swift */; };
		BBF5EE282512BA0B0003265F /* AppDelegate.swift in Sources */ = {isa = PBXBuildFile; fileRef = BBF5EE272512BA0B0003265F /* AppDelegate.swift */; };
		BBF5EE2A2512BA0B0003265F /* SceneDelegate.swift in Sources */ = {isa = PBXBuildFile; fileRef = BBF5EE292512BA0B0003265F /* SceneDelegate.swift */; };
		BBF5EE2C2512BA0B0003265F /* ContentView.swift in Sources */ = {isa = PBXBuildFile; fileRef = BBF5EE2B2512BA0B0003265F /* ContentView.swift */; };
		BBF5EE2E2512BA0D0003265F /* Assets.xcassets in Resources */ = {isa = PBXBuildFile; fileRef = BBF5EE2D2512BA0D0003265F /* Assets.xcassets */; };
		BBF5EE312512BA0D0003265F /* Preview Assets.xcassets in Resources */ = {isa = PBXBuildFile; fileRef = BBF5EE302512BA0D0003265F /* Preview Assets.xcassets */; };
		BBF5EE342512BA0D0003265F /* LaunchScreen.storyboard in Resources */ = {isa = PBXBuildFile; fileRef = BBF5EE322512BA0D0003265F /* LaunchScreen.storyboard */; };
		BBFDDD65251179EB0084A12F /* PerformanceTests.swift in Sources */ = {isa = PBXBuildFile; fileRef = BBFDDD64251179EB0084A12F /* PerformanceTests.swift */; };
		BBFF40A42514293600E1331D /* PerfExtension.swift in Sources */ = {isa = PBXBuildFile; fileRef = BBFF40A32514293600E1331D /* PerfExtension.swift */; };
		FD566443279A13A0884DE1DB /* Pods_TestApp_Swift.framework in Frameworks */ = {isa = PBXBuildFile; fileRef = E842EBF92A5112FFC06F36CE /* Pods_TestApp_Swift.framework */; };
/* End PBXBuildFile section */

/* Begin PBXContainerItemProxy section */
		3FB58FAA252E1682009C1358 /* PBXContainerItemProxy */ = {
			isa = PBXContainerItemProxy;
			containerPortal = 3F912D9424E1A75C00E2AC84 /* Project object */;
			proxyType = 1;
			remoteGlobalIDString = 3FB58F82252CE33A009C1358;
			remoteInfo = E2E_Swift;
		};
		BBF5EE442512BA290003265F /* PBXContainerItemProxy */ = {
			isa = PBXContainerItemProxy;
			containerPortal = 3F912D9424E1A75C00E2AC84 /* Project object */;
			proxyType = 1;
			remoteGlobalIDString = BBF5EE242512BA0B0003265F;
			remoteInfo = PerformanceApp;
		};
/* End PBXContainerItemProxy section */

/* Begin PBXCopyFilesBuildPhase section */
		3FB58FBD252E1721009C1358 /* Embed Frameworks */ = {
			isa = PBXCopyFilesBuildPhase;
			buildActionMask = 2147483647;
			dstPath = "";
			dstSubfolderSpec = 10;
			files = (
			);
			name = "Embed Frameworks";
			runOnlyForDeploymentPostprocessing = 0;
		};
		3FB58FC8252E1730009C1358 /* Embed Frameworks */ = {
			isa = PBXCopyFilesBuildPhase;
			buildActionMask = 2147483647;
			dstPath = "";
			dstSubfolderSpec = 10;
			files = (
			);
			name = "Embed Frameworks";
			runOnlyForDeploymentPostprocessing = 0;
		};
		786D630C26D6C7DA000828FC /* Embed Frameworks */ = {
			isa = PBXCopyFilesBuildPhase;
			buildActionMask = 2147483647;
			dstPath = "";
			dstSubfolderSpec = 10;
			files = (
				786D631426D6C7F8000828FC /* AEPIdentity.framework in Embed Frameworks */,
				786D630B26D6C7DA000828FC /* AEPLifecycle.framework in Embed Frameworks */,
				786D631126D6C7F4000828FC /* AEPSignal.framework in Embed Frameworks */,
			);
			name = "Embed Frameworks";
			runOnlyForDeploymentPostprocessing = 0;
		};
		BBF5EE3B2512BA150003265F /* Embed Frameworks */ = {
			isa = PBXCopyFilesBuildPhase;
			buildActionMask = 2147483647;
			dstPath = "";
			dstSubfolderSpec = 10;
			files = (
			);
			name = "Embed Frameworks";
			runOnlyForDeploymentPostprocessing = 0;
		};
/* End PBXCopyFilesBuildPhase section */

/* Begin PBXFileReference section */
		1A043C282F7DC5745909C619 /* Pods-TestApp_Swift.debug.xcconfig */ = {isa = PBXFileReference; includeInIndex = 1; lastKnownFileType = text.xcconfig; name = "Pods-TestApp_Swift.debug.xcconfig"; path = "Target Support Files/Pods-TestApp_Swift/Pods-TestApp_Swift.debug.xcconfig"; sourceTree = "<group>"; };
		3FAD091025267460000D207D /* TestApp_Objc.app */ = {isa = PBXFileReference; explicitFileType = wrapper.application; includeInIndex = 0; path = TestApp_Objc.app; sourceTree = BUILT_PRODUCTS_DIR; };
		3FAD091225267460000D207D /* AppDelegate.h */ = {isa = PBXFileReference; lastKnownFileType = sourcecode.c.h; path = AppDelegate.h; sourceTree = "<group>"; };
		3FAD091325267460000D207D /* AppDelegate.m */ = {isa = PBXFileReference; lastKnownFileType = sourcecode.c.objc; path = AppDelegate.m; sourceTree = "<group>"; };
		3FAD091525267460000D207D /* SceneDelegate.h */ = {isa = PBXFileReference; lastKnownFileType = sourcecode.c.h; path = SceneDelegate.h; sourceTree = "<group>"; };
		3FAD091625267460000D207D /* SceneDelegate.m */ = {isa = PBXFileReference; lastKnownFileType = sourcecode.c.objc; path = SceneDelegate.m; sourceTree = "<group>"; };
		3FAD091825267460000D207D /* ViewController.h */ = {isa = PBXFileReference; lastKnownFileType = sourcecode.c.h; path = ViewController.h; sourceTree = "<group>"; };
		3FAD091925267460000D207D /* ViewController.m */ = {isa = PBXFileReference; lastKnownFileType = sourcecode.c.objc; path = ViewController.m; sourceTree = "<group>"; };
		3FAD091C25267460000D207D /* Base */ = {isa = PBXFileReference; lastKnownFileType = file.storyboard; name = Base; path = Base.lproj/Main.storyboard; sourceTree = "<group>"; };
		3FAD091E25267463000D207D /* Assets.xcassets */ = {isa = PBXFileReference; lastKnownFileType = folder.assetcatalog; path = Assets.xcassets; sourceTree = "<group>"; };
		3FAD092125267463000D207D /* Base */ = {isa = PBXFileReference; lastKnownFileType = file.storyboard; name = Base; path = Base.lproj/LaunchScreen.storyboard; sourceTree = "<group>"; };
		3FAD092325267463000D207D /* Info.plist */ = {isa = PBXFileReference; lastKnownFileType = text.plist.xml; path = Info.plist; sourceTree = "<group>"; };
		3FAD092425267463000D207D /* main.m */ = {isa = PBXFileReference; lastKnownFileType = sourcecode.c.objc; path = main.m; sourceTree = "<group>"; };
		3FB58F83252CE33A009C1358 /* E2E_Swift.app */ = {isa = PBXFileReference; explicitFileType = wrapper.application; includeInIndex = 0; path = E2E_Swift.app; sourceTree = BUILT_PRODUCTS_DIR; };
		3FB58F85252CE33A009C1358 /* AppDelegate.swift */ = {isa = PBXFileReference; lastKnownFileType = sourcecode.swift; path = AppDelegate.swift; sourceTree = "<group>"; };
		3FB58F89252CE33A009C1358 /* ViewController.swift */ = {isa = PBXFileReference; lastKnownFileType = sourcecode.swift; path = ViewController.swift; sourceTree = "<group>"; };
		3FB58F8C252CE33A009C1358 /* Base */ = {isa = PBXFileReference; lastKnownFileType = file.storyboard; name = Base; path = Base.lproj/Main.storyboard; sourceTree = "<group>"; };
		3FB58F8E252CE33B009C1358 /* Assets.xcassets */ = {isa = PBXFileReference; lastKnownFileType = folder.assetcatalog; path = Assets.xcassets; sourceTree = "<group>"; };
		3FB58F91252CE33B009C1358 /* Base */ = {isa = PBXFileReference; lastKnownFileType = file.storyboard; name = Base; path = Base.lproj/LaunchScreen.storyboard; sourceTree = "<group>"; };
		3FB58F93252CE33B009C1358 /* Info.plist */ = {isa = PBXFileReference; lastKnownFileType = text.plist.xml; path = Info.plist; sourceTree = "<group>"; };
		3FB58FA6252CFFD4009C1358 /* MyExtension.swift */ = {isa = PBXFileReference; fileEncoding = 4; lastKnownFileType = sourcecode.swift; path = MyExtension.swift; sourceTree = "<group>"; };
		7808888026D56E8700F5A665 /* TestApp_Swift.app */ = {isa = PBXFileReference; explicitFileType = wrapper.application; includeInIndex = 0; path = TestApp_Swift.app; sourceTree = BUILT_PRODUCTS_DIR; };
		780888A626D56F3800F5A665 /* LifecycleView.swift */ = {isa = PBXFileReference; fileEncoding = 4; lastKnownFileType = sourcecode.swift; path = LifecycleView.swift; sourceTree = "<group>"; };
		780888A726D56F3800F5A665 /* MenuView.swift */ = {isa = PBXFileReference; fileEncoding = 4; lastKnownFileType = sourcecode.swift; path = MenuView.swift; sourceTree = "<group>"; };
		780888A826D56F3800F5A665 /* AppDelegate.swift */ = {isa = PBXFileReference; fileEncoding = 4; lastKnownFileType = sourcecode.swift; path = AppDelegate.swift; sourceTree = "<group>"; };
		780888AB26D56F3800F5A665 /* Base */ = {isa = PBXFileReference; lastKnownFileType = file.storyboard; name = Base; path = LaunchScreen.storyboard; sourceTree = "<group>"; };
		780888AC26D56F3800F5A665 /* SceneDelegate.swift */ = {isa = PBXFileReference; fileEncoding = 4; lastKnownFileType = sourcecode.swift; path = SceneDelegate.swift; sourceTree = "<group>"; };
		780888AD26D56F3800F5A665 /* AssuranceView.swift */ = {isa = PBXFileReference; fileEncoding = 4; lastKnownFileType = sourcecode.swift; path = AssuranceView.swift; sourceTree = "<group>"; };
		780888AE26D56F3800F5A665 /* CoreView.swift */ = {isa = PBXFileReference; fileEncoding = 4; lastKnownFileType = sourcecode.swift; path = CoreView.swift; sourceTree = "<group>"; };
		780888AF26D56F3800F5A665 /* IdentityView.swift */ = {isa = PBXFileReference; fileEncoding = 4; lastKnownFileType = sourcecode.swift; path = IdentityView.swift; sourceTree = "<group>"; };
		780888B126D56F3800F5A665 /* Assets.xcassets */ = {isa = PBXFileReference; lastKnownFileType = folder.assetcatalog; path = Assets.xcassets; sourceTree = "<group>"; };
		780888B226D56F3800F5A665 /* Info.plist */ = {isa = PBXFileReference; fileEncoding = 4; lastKnownFileType = text.plist.xml; path = Info.plist; sourceTree = "<group>"; };
		780888B426D56F3800F5A665 /* Preview Assets.xcassets */ = {isa = PBXFileReference; lastKnownFileType = folder.assetcatalog; path = "Preview Assets.xcassets"; sourceTree = "<group>"; };
		786D629E26D69E94000828FC /* AEPCore.framework */ = {isa = PBXFileReference; explicitFileType = wrapper.framework; path = AEPCore.framework; sourceTree = BUILT_PRODUCTS_DIR; };
		786D62A426D69EBE000828FC /* AEPServices.framework */ = {isa = PBXFileReference; explicitFileType = wrapper.framework; path = AEPServices.framework; sourceTree = BUILT_PRODUCTS_DIR; };
		786D62C026D69EED000828FC /* AEPLifecycle.framework */ = {isa = PBXFileReference; explicitFileType = wrapper.framework; path = AEPLifecycle.framework; sourceTree = BUILT_PRODUCTS_DIR; };
		786D62C326D69EF6000828FC /* AEPIdentity.framework */ = {isa = PBXFileReference; explicitFileType = wrapper.framework; path = AEPIdentity.framework; sourceTree = BUILT_PRODUCTS_DIR; };
		786D62C826D69F0D000828FC /* AEPSignal.framework */ = {isa = PBXFileReference; explicitFileType = wrapper.framework; path = AEPSignal.framework; sourceTree = BUILT_PRODUCTS_DIR; };
		786D630926D6C7DA000828FC /* AEPLifecycle.framework */ = {isa = PBXFileReference; explicitFileType = wrapper.framework; path = AEPLifecycle.framework; sourceTree = BUILT_PRODUCTS_DIR; };
		786D630F26D6C7F4000828FC /* AEPSignal.framework */ = {isa = PBXFileReference; explicitFileType = wrapper.framework; path = AEPSignal.framework; sourceTree = BUILT_PRODUCTS_DIR; };
		786D631226D6C7F8000828FC /* AEPIdentity.framework */ = {isa = PBXFileReference; explicitFileType = wrapper.framework; path = AEPIdentity.framework; sourceTree = BUILT_PRODUCTS_DIR; };
		786D633226D6C996000828FC /* AEPCore.framework */ = {isa = PBXFileReference; explicitFileType = wrapper.framework; path = AEPCore.framework; sourceTree = BUILT_PRODUCTS_DIR; };
		BBF55F4E251E494D00CAAC53 /* E2E_SwiftUITests.xctest */ = {isa = PBXFileReference; explicitFileType = wrapper.cfbundle; includeInIndex = 0; path = E2E_SwiftUITests.xctest; sourceTree = BUILT_PRODUCTS_DIR; };
		BBF55F52251E494D00CAAC53 /* E2ETestingUITests.swift */ = {isa = PBXFileReference; lastKnownFileType = sourcecode.swift; path = E2ETestingUITests.swift; sourceTree = "<group>"; };
		BBF55F54251E494D00CAAC53 /* Info.plist */ = {isa = PBXFileReference; lastKnownFileType = text.plist.xml; path = Info.plist; sourceTree = "<group>"; };
		BBF5EE252512BA0B0003265F /* PerformanceApp.app */ = {isa = PBXFileReference; explicitFileType = wrapper.application; includeInIndex = 0; path = PerformanceApp.app; sourceTree = BUILT_PRODUCTS_DIR; };
		BBF5EE272512BA0B0003265F /* AppDelegate.swift */ = {isa = PBXFileReference; lastKnownFileType = sourcecode.swift; path = AppDelegate.swift; sourceTree = "<group>"; };
		BBF5EE292512BA0B0003265F /* SceneDelegate.swift */ = {isa = PBXFileReference; lastKnownFileType = sourcecode.swift; path = SceneDelegate.swift; sourceTree = "<group>"; };
		BBF5EE2B2512BA0B0003265F /* ContentView.swift */ = {isa = PBXFileReference; lastKnownFileType = sourcecode.swift; path = ContentView.swift; sourceTree = "<group>"; };
		BBF5EE2D2512BA0D0003265F /* Assets.xcassets */ = {isa = PBXFileReference; lastKnownFileType = folder.assetcatalog; path = Assets.xcassets; sourceTree = "<group>"; };
		BBF5EE302512BA0D0003265F /* Preview Assets.xcassets */ = {isa = PBXFileReference; lastKnownFileType = folder.assetcatalog; path = "Preview Assets.xcassets"; sourceTree = "<group>"; };
		BBF5EE332512BA0D0003265F /* Base */ = {isa = PBXFileReference; lastKnownFileType = file.storyboard; name = Base; path = Base.lproj/LaunchScreen.storyboard; sourceTree = "<group>"; };
		BBF5EE352512BA0D0003265F /* Info.plist */ = {isa = PBXFileReference; lastKnownFileType = text.plist.xml; path = Info.plist; sourceTree = "<group>"; };
		BBFDDD62251179EB0084A12F /* PerformanceTests.xctest */ = {isa = PBXFileReference; explicitFileType = wrapper.cfbundle; includeInIndex = 0; path = PerformanceTests.xctest; sourceTree = BUILT_PRODUCTS_DIR; };
		BBFDDD64251179EB0084A12F /* PerformanceTests.swift */ = {isa = PBXFileReference; lastKnownFileType = sourcecode.swift; path = PerformanceTests.swift; sourceTree = "<group>"; };
		BBFDDD66251179EB0084A12F /* Info.plist */ = {isa = PBXFileReference; lastKnownFileType = text.plist.xml; path = Info.plist; sourceTree = "<group>"; };
		BBFF40A32514293600E1331D /* PerfExtension.swift */ = {isa = PBXFileReference; lastKnownFileType = sourcecode.swift; path = PerfExtension.swift; sourceTree = "<group>"; };
		C4C11D59AD37A0F7D3FC9851 /* Pods-TestApp_Swift.release.xcconfig */ = {isa = PBXFileReference; includeInIndex = 1; lastKnownFileType = text.xcconfig; name = "Pods-TestApp_Swift.release.xcconfig"; path = "Target Support Files/Pods-TestApp_Swift/Pods-TestApp_Swift.release.xcconfig"; sourceTree = "<group>"; };
		E842EBF92A5112FFC06F36CE /* Pods_TestApp_Swift.framework */ = {isa = PBXFileReference; explicitFileType = wrapper.framework; includeInIndex = 0; path = Pods_TestApp_Swift.framework; sourceTree = BUILT_PRODUCTS_DIR; };
/* End PBXFileReference section */

/* Begin PBXFrameworksBuildPhase section */
		3FAD090D25267460000D207D /* Frameworks */ = {
			isa = PBXFrameworksBuildPhase;
			buildActionMask = 2147483647;
			files = (
			);
			runOnlyForDeploymentPostprocessing = 0;
		};
		3FB58F80252CE33A009C1358 /* Frameworks */ = {
			isa = PBXFrameworksBuildPhase;
			buildActionMask = 2147483647;
			files = (
			);
			runOnlyForDeploymentPostprocessing = 0;
		};
		7808887D26D56E8700F5A665 /* Frameworks */ = {
			isa = PBXFrameworksBuildPhase;
			buildActionMask = 2147483647;
			files = (
				786D630A26D6C7DA000828FC /* AEPLifecycle.framework in Frameworks */,
				786D631326D6C7F8000828FC /* AEPIdentity.framework in Frameworks */,
				786D631026D6C7F4000828FC /* AEPSignal.framework in Frameworks */,
				FD566443279A13A0884DE1DB /* Pods_TestApp_Swift.framework in Frameworks */,
			);
			runOnlyForDeploymentPostprocessing = 0;
		};
		BBF55F4B251E494D00CAAC53 /* Frameworks */ = {
			isa = PBXFrameworksBuildPhase;
			buildActionMask = 2147483647;
			files = (
			);
			runOnlyForDeploymentPostprocessing = 0;
		};
		BBF5EE222512BA0B0003265F /* Frameworks */ = {
			isa = PBXFrameworksBuildPhase;
			buildActionMask = 2147483647;
			files = (
			);
			runOnlyForDeploymentPostprocessing = 0;
		};
		BBFDDD5F251179EB0084A12F /* Frameworks */ = {
			isa = PBXFrameworksBuildPhase;
			buildActionMask = 2147483647;
			files = (
			);
			runOnlyForDeploymentPostprocessing = 0;
		};
/* End PBXFrameworksBuildPhase section */

/* Begin PBXGroup section */
		23B2929FD5F1289762971070 /* Pods */ = {
			isa = PBXGroup;
			children = (
				1A043C282F7DC5745909C619 /* Pods-TestApp_Swift.debug.xcconfig */,
				C4C11D59AD37A0F7D3FC9851 /* Pods-TestApp_Swift.release.xcconfig */,
			);
			name = Pods;
			path = ../Pods;
			sourceTree = "<group>";
		};
		3F912D9324E1A75C00E2AC84 = {
			isa = PBXGroup;
			children = (
				BBFDDD63251179EB0084A12F /* PerformanceTests */,
				BBF5EE262512BA0B0003265F /* PerformanceApp */,
				3FB58F84252CE33A009C1358 /* E2E_Swift */,
				BBF55F51251E494D00CAAC53 /* E2E_SwiftUITests */,
				3FAD091125267460000D207D /* TestApp_Objc */,
				7808888126D56E8700F5A665 /* TestApp_Swift */,
				3F912D9D24E1A75C00E2AC84 /* Products */,
				786D629D26D69E94000828FC /* Frameworks */,
				23B2929FD5F1289762971070 /* Pods */,
			);
			sourceTree = "<group>";
		};
		3F912D9D24E1A75C00E2AC84 /* Products */ = {
			isa = PBXGroup;
			children = (
				BBFDDD62251179EB0084A12F /* PerformanceTests.xctest */,
				BBF5EE252512BA0B0003265F /* PerformanceApp.app */,
				BBF55F4E251E494D00CAAC53 /* E2E_SwiftUITests.xctest */,
				3FAD091025267460000D207D /* TestApp_Objc.app */,
				3FB58F83252CE33A009C1358 /* E2E_Swift.app */,
				7808888026D56E8700F5A665 /* TestApp_Swift.app */,
			);
			name = Products;
			sourceTree = "<group>";
		};
		3FAD091125267460000D207D /* TestApp_Objc */ = {
			isa = PBXGroup;
			children = (
				3FAD091225267460000D207D /* AppDelegate.h */,
				3FAD091325267460000D207D /* AppDelegate.m */,
				3FAD091525267460000D207D /* SceneDelegate.h */,
				3FAD091625267460000D207D /* SceneDelegate.m */,
				3FAD091825267460000D207D /* ViewController.h */,
				3FAD091925267460000D207D /* ViewController.m */,
				3FAD091B25267460000D207D /* Main.storyboard */,
				3FAD091E25267463000D207D /* Assets.xcassets */,
				3FAD092025267463000D207D /* LaunchScreen.storyboard */,
				3FAD092325267463000D207D /* Info.plist */,
				3FAD092425267463000D207D /* main.m */,
			);
			path = TestApp_Objc;
			sourceTree = "<group>";
		};
		3FB58F84252CE33A009C1358 /* E2E_Swift */ = {
			isa = PBXGroup;
			children = (
				3FB58F85252CE33A009C1358 /* AppDelegate.swift */,
				3FB58F89252CE33A009C1358 /* ViewController.swift */,
				3FB58FA6252CFFD4009C1358 /* MyExtension.swift */,
				3FB58F8B252CE33A009C1358 /* Main.storyboard */,
				3FB58F8E252CE33B009C1358 /* Assets.xcassets */,
				3FB58F90252CE33B009C1358 /* LaunchScreen.storyboard */,
				3FB58F93252CE33B009C1358 /* Info.plist */,
			);
			path = E2E_Swift;
			sourceTree = "<group>";
		};
		7808888126D56E8700F5A665 /* TestApp_Swift */ = {
			isa = PBXGroup;
			children = (
				780888A826D56F3800F5A665 /* AppDelegate.swift */,
				780888AC26D56F3800F5A665 /* SceneDelegate.swift */,
				780888A726D56F3800F5A665 /* MenuView.swift */,
				780888AD26D56F3800F5A665 /* AssuranceView.swift */,
				780888AE26D56F3800F5A665 /* CoreView.swift */,
				780888AF26D56F3800F5A665 /* IdentityView.swift */,
				780888A626D56F3800F5A665 /* LifecycleView.swift */,
				780888B126D56F3800F5A665 /* Assets.xcassets */,
				780888A926D56F3800F5A665 /* Base.lproj */,
				780888B226D56F3800F5A665 /* Info.plist */,
				780888B326D56F3800F5A665 /* Preview Content */,
			);
			path = TestApp_Swift;
			sourceTree = "<group>";
		};
		780888A926D56F3800F5A665 /* Base.lproj */ = {
			isa = PBXGroup;
			children = (
				780888AA26D56F3800F5A665 /* LaunchScreen.storyboard */,
			);
			path = Base.lproj;
			sourceTree = "<group>";
		};
		780888B326D56F3800F5A665 /* Preview Content */ = {
			isa = PBXGroup;
			children = (
				780888B426D56F3800F5A665 /* Preview Assets.xcassets */,
			);
			path = "Preview Content";
			sourceTree = "<group>";
		};
		786D629D26D69E94000828FC /* Frameworks */ = {
			isa = PBXGroup;
			children = (
				786D633226D6C996000828FC /* AEPCore.framework */,
				786D631226D6C7F8000828FC /* AEPIdentity.framework */,
				786D630F26D6C7F4000828FC /* AEPSignal.framework */,
				786D630926D6C7DA000828FC /* AEPLifecycle.framework */,
				786D62C826D69F0D000828FC /* AEPSignal.framework */,
				786D62C326D69EF6000828FC /* AEPIdentity.framework */,
				786D62C026D69EED000828FC /* AEPLifecycle.framework */,
				786D62A426D69EBE000828FC /* AEPServices.framework */,
				786D629E26D69E94000828FC /* AEPCore.framework */,
				E842EBF92A5112FFC06F36CE /* Pods_TestApp_Swift.framework */,
			);
			name = Frameworks;
			sourceTree = "<group>";
		};
		BBF55F51251E494D00CAAC53 /* E2E_SwiftUITests */ = {
			isa = PBXGroup;
			children = (
				BBF55F52251E494D00CAAC53 /* E2ETestingUITests.swift */,
				BBF55F54251E494D00CAAC53 /* Info.plist */,
			);
			path = E2E_SwiftUITests;
			sourceTree = "<group>";
		};
		BBF5EE262512BA0B0003265F /* PerformanceApp */ = {
			isa = PBXGroup;
			children = (
				BBF5EE272512BA0B0003265F /* AppDelegate.swift */,
				BBFF40A32514293600E1331D /* PerfExtension.swift */,
				BBF5EE292512BA0B0003265F /* SceneDelegate.swift */,
				BBF5EE2B2512BA0B0003265F /* ContentView.swift */,
				BBF5EE2D2512BA0D0003265F /* Assets.xcassets */,
				BBF5EE322512BA0D0003265F /* LaunchScreen.storyboard */,
				BBF5EE352512BA0D0003265F /* Info.plist */,
				BBF5EE2F2512BA0D0003265F /* Preview Content */,
			);
			path = PerformanceApp;
			sourceTree = "<group>";
		};
		BBF5EE2F2512BA0D0003265F /* Preview Content */ = {
			isa = PBXGroup;
			children = (
				BBF5EE302512BA0D0003265F /* Preview Assets.xcassets */,
			);
			path = "Preview Content";
			sourceTree = "<group>";
		};
		BBFDDD63251179EB0084A12F /* PerformanceTests */ = {
			isa = PBXGroup;
			children = (
				BBFDDD64251179EB0084A12F /* PerformanceTests.swift */,
				BBFDDD66251179EB0084A12F /* Info.plist */,
			);
			path = PerformanceTests;
			sourceTree = "<group>";
		};
/* End PBXGroup section */

/* Begin PBXNativeTarget section */
		3FAD090F25267460000D207D /* TestApp_Objc */ = {
			isa = PBXNativeTarget;
			buildConfigurationList = 3FAD092625267463000D207D /* Build configuration list for PBXNativeTarget "TestApp_Objc" */;
			buildPhases = (
				3FAD090C25267460000D207D /* Sources */,
				3FAD090D25267460000D207D /* Frameworks */,
				3FAD090E25267460000D207D /* Resources */,
				3FB58FC8252E1730009C1358 /* Embed Frameworks */,
			);
			buildRules = (
			);
			dependencies = (
			);
			name = TestApp_Objc;
			productName = Testapp_Objc;
			productReference = 3FAD091025267460000D207D /* TestApp_Objc.app */;
			productType = "com.apple.product-type.application";
		};
		3FB58F82252CE33A009C1358 /* E2E_Swift */ = {
			isa = PBXNativeTarget;
			buildConfigurationList = 3FB58FA4252CE33B009C1358 /* Build configuration list for PBXNativeTarget "E2E_Swift" */;
			buildPhases = (
				3FB58F7F252CE33A009C1358 /* Sources */,
				3FB58F80252CE33A009C1358 /* Frameworks */,
				3FB58F81252CE33A009C1358 /* Resources */,
				3FB58FBD252E1721009C1358 /* Embed Frameworks */,
			);
			buildRules = (
			);
			dependencies = (
			);
			name = E2E_Swift;
			productName = E2E_Swift;
			productReference = 3FB58F83252CE33A009C1358 /* E2E_Swift.app */;
			productType = "com.apple.product-type.application";
		};
		7808887F26D56E8700F5A665 /* TestApp_Swift */ = {
			isa = PBXNativeTarget;
			buildConfigurationList = 7808889126D56E8E00F5A665 /* Build configuration list for PBXNativeTarget "TestApp_Swift" */;
			buildPhases = (
				48CF1F6151E77FDD2EB6B8EC /* [CP] Check Pods Manifest.lock */,
				7808887C26D56E8700F5A665 /* Sources */,
				7808887D26D56E8700F5A665 /* Frameworks */,
				7808887E26D56E8700F5A665 /* Resources */,
				62079779267D79EBD1FC3745 /* [CP] Embed Pods Frameworks */,
				786D630C26D6C7DA000828FC /* Embed Frameworks */,
			);
			buildRules = (
			);
			dependencies = (
			);
			name = TestApp_Swift;
			productName = TestApp_Swift;
			productReference = 7808888026D56E8700F5A665 /* TestApp_Swift.app */;
			productType = "com.apple.product-type.application";
		};
		BBF55F4D251E494D00CAAC53 /* E2E_SwiftUITests */ = {
			isa = PBXNativeTarget;
			buildConfigurationList = BBF55F66251E494D00CAAC53 /* Build configuration list for PBXNativeTarget "E2E_SwiftUITests" */;
			buildPhases = (
				BBF55F4A251E494D00CAAC53 /* Sources */,
				BBF55F4B251E494D00CAAC53 /* Frameworks */,
				BBF55F4C251E494D00CAAC53 /* Resources */,
			);
			buildRules = (
			);
			dependencies = (
				3FB58FAB252E1682009C1358 /* PBXTargetDependency */,
			);
			name = E2E_SwiftUITests;
			productName = E2ETestingUITests;
			productReference = BBF55F4E251E494D00CAAC53 /* E2E_SwiftUITests.xctest */;
			productType = "com.apple.product-type.bundle.ui-testing";
		};
		BBF5EE242512BA0B0003265F /* PerformanceApp */ = {
			isa = PBXNativeTarget;
			buildConfigurationList = BBF5EE362512BA0D0003265F /* Build configuration list for PBXNativeTarget "PerformanceApp" */;
			buildPhases = (
				BBF5EE212512BA0B0003265F /* Sources */,
				BBF5EE222512BA0B0003265F /* Frameworks */,
				BBF5EE232512BA0B0003265F /* Resources */,
				BBF5EE3B2512BA150003265F /* Embed Frameworks */,
			);
			buildRules = (
			);
			dependencies = (
			);
			name = PerformanceApp;
			productName = PerformanceApp;
			productReference = BBF5EE252512BA0B0003265F /* PerformanceApp.app */;
			productType = "com.apple.product-type.application";
		};
		BBFDDD61251179EB0084A12F /* PerformanceTests */ = {
			isa = PBXNativeTarget;
			buildConfigurationList = BBFDDD73251179EB0084A12F /* Build configuration list for PBXNativeTarget "PerformanceTests" */;
			buildPhases = (
				BBFDDD5E251179EB0084A12F /* Sources */,
				BBFDDD5F251179EB0084A12F /* Frameworks */,
				BBFDDD60251179EB0084A12F /* Resources */,
			);
			buildRules = (
			);
			dependencies = (
				BBF5EE452512BA290003265F /* PBXTargetDependency */,
			);
			name = PerformanceTests;
			productName = PerformanceTests;
			productReference = BBFDDD62251179EB0084A12F /* PerformanceTests.xctest */;
			productType = "com.apple.product-type.bundle.ui-testing";
		};
/* End PBXNativeTarget section */

/* Begin PBXProject section */
		3F912D9424E1A75C00E2AC84 /* Project object */ = {
			isa = PBXProject;
			attributes = {
				LastSwiftUpdateCheck = 1230;
				LastUpgradeCheck = 1230;
				ORGANIZATIONNAME = Adobe;
				TargetAttributes = {
					3FAD090F25267460000D207D = {
						CreatedOnToolsVersion = 11.3.1;
					};
					3FB58F82252CE33A009C1358 = {
						CreatedOnToolsVersion = 11.3.1;
					};
					7808887F26D56E8700F5A665 = {
						CreatedOnToolsVersion = 12.3;
						LastSwiftMigration = 1230;
					};
					BBF55F4D251E494D00CAAC53 = {
						CreatedOnToolsVersion = 12.0;
						TestTargetID = 3FB58F82252CE33A009C1358;
					};
					BBF5EE242512BA0B0003265F = {
						CreatedOnToolsVersion = 11.7;
					};
					BBFDDD61251179EB0084A12F = {
						CreatedOnToolsVersion = 11.7;
						TestTargetID = BBF5EE242512BA0B0003265F;
					};
				};
			};
			buildConfigurationList = 3F912D9724E1A75C00E2AC84 /* Build configuration list for PBXProject "AEPCoreTestApp" */;
			compatibilityVersion = "Xcode 9.3";
			developmentRegion = en;
			hasScannedForEncodings = 0;
			knownRegions = (
				en,
				Base,
			);
			mainGroup = 3F912D9324E1A75C00E2AC84;
			productRefGroup = 3F912D9D24E1A75C00E2AC84 /* Products */;
			projectDirPath = "";
			projectRoot = "";
			targets = (
				BBF5EE242512BA0B0003265F /* PerformanceApp */,
				BBFDDD61251179EB0084A12F /* PerformanceTests */,
				3FB58F82252CE33A009C1358 /* E2E_Swift */,
				BBF55F4D251E494D00CAAC53 /* E2E_SwiftUITests */,
				3FAD090F25267460000D207D /* TestApp_Objc */,
				7808887F26D56E8700F5A665 /* TestApp_Swift */,
			);
		};
/* End PBXProject section */

/* Begin PBXResourcesBuildPhase section */
		3FAD090E25267460000D207D /* Resources */ = {
			isa = PBXResourcesBuildPhase;
			buildActionMask = 2147483647;
			files = (
				3FAD092225267463000D207D /* LaunchScreen.storyboard in Resources */,
				3FAD091F25267463000D207D /* Assets.xcassets in Resources */,
				3FAD091D25267460000D207D /* Main.storyboard in Resources */,
			);
			runOnlyForDeploymentPostprocessing = 0;
		};
		3FB58F81252CE33A009C1358 /* Resources */ = {
			isa = PBXResourcesBuildPhase;
			buildActionMask = 2147483647;
			files = (
				3FB58F92252CE33B009C1358 /* LaunchScreen.storyboard in Resources */,
				3FB58F8F252CE33B009C1358 /* Assets.xcassets in Resources */,
				3FB58F8D252CE33A009C1358 /* Main.storyboard in Resources */,
			);
			runOnlyForDeploymentPostprocessing = 0;
		};
		7808887E26D56E8700F5A665 /* Resources */ = {
			isa = PBXResourcesBuildPhase;
			buildActionMask = 2147483647;
			files = (
				780888C026D56F3800F5A665 /* Preview Assets.xcassets in Resources */,
				780888BE26D56F3800F5A665 /* Assets.xcassets in Resources */,
				780888B826D56F3800F5A665 /* LaunchScreen.storyboard in Resources */,
			);
			runOnlyForDeploymentPostprocessing = 0;
		};
		BBF55F4C251E494D00CAAC53 /* Resources */ = {
			isa = PBXResourcesBuildPhase;
			buildActionMask = 2147483647;
			files = (
			);
			runOnlyForDeploymentPostprocessing = 0;
		};
		BBF5EE232512BA0B0003265F /* Resources */ = {
			isa = PBXResourcesBuildPhase;
			buildActionMask = 2147483647;
			files = (
				BBF5EE342512BA0D0003265F /* LaunchScreen.storyboard in Resources */,
				BBF5EE312512BA0D0003265F /* Preview Assets.xcassets in Resources */,
				BBF5EE2E2512BA0D0003265F /* Assets.xcassets in Resources */,
			);
			runOnlyForDeploymentPostprocessing = 0;
		};
		BBFDDD60251179EB0084A12F /* Resources */ = {
			isa = PBXResourcesBuildPhase;
			buildActionMask = 2147483647;
			files = (
			);
			runOnlyForDeploymentPostprocessing = 0;
		};
/* End PBXResourcesBuildPhase section */

/* Begin PBXShellScriptBuildPhase section */
		48CF1F6151E77FDD2EB6B8EC /* [CP] Check Pods Manifest.lock */ = {
			isa = PBXShellScriptBuildPhase;
			buildActionMask = 2147483647;
			files = (
			);
			inputFileListPaths = (
			);
			inputPaths = (
				"${PODS_PODFILE_DIR_PATH}/Podfile.lock",
				"${PODS_ROOT}/Manifest.lock",
			);
			name = "[CP] Check Pods Manifest.lock";
			outputFileListPaths = (
			);
			outputPaths = (
				"$(DERIVED_FILE_DIR)/Pods-TestApp_Swift-checkManifestLockResult.txt",
			);
			runOnlyForDeploymentPostprocessing = 0;
			shellPath = /bin/sh;
			shellScript = "diff \"${PODS_PODFILE_DIR_PATH}/Podfile.lock\" \"${PODS_ROOT}/Manifest.lock\" > /dev/null\nif [ $? != 0 ] ; then\n    # print error to STDERR\n    echo \"error: The sandbox is not in sync with the Podfile.lock. Run 'pod install' or update your CocoaPods installation.\" >&2\n    exit 1\nfi\n# This output is used by Xcode 'outputs' to avoid re-running this script phase.\necho \"SUCCESS\" > \"${SCRIPT_OUTPUT_FILE_0}\"\n";
			showEnvVarsInLog = 0;
		};
		62079779267D79EBD1FC3745 /* [CP] Embed Pods Frameworks */ = {
			isa = PBXShellScriptBuildPhase;
			buildActionMask = 2147483647;
			files = (
			);
			inputFileListPaths = (
				"${PODS_ROOT}/Target Support Files/Pods-TestApp_Swift/Pods-TestApp_Swift-frameworks-${CONFIGURATION}-input-files.xcfilelist",
			);
			name = "[CP] Embed Pods Frameworks";
			outputFileListPaths = (
				"${PODS_ROOT}/Target Support Files/Pods-TestApp_Swift/Pods-TestApp_Swift-frameworks-${CONFIGURATION}-output-files.xcfilelist",
			);
			runOnlyForDeploymentPostprocessing = 0;
			shellPath = /bin/sh;
			shellScript = "\"${PODS_ROOT}/Target Support Files/Pods-TestApp_Swift/Pods-TestApp_Swift-frameworks.sh\"\n";
			showEnvVarsInLog = 0;
		};
/* End PBXShellScriptBuildPhase section */

/* Begin PBXSourcesBuildPhase section */
		3FAD090C25267460000D207D /* Sources */ = {
			isa = PBXSourcesBuildPhase;
			buildActionMask = 2147483647;
			files = (
				3FAD091A25267460000D207D /* ViewController.m in Sources */,
				3FAD091425267460000D207D /* AppDelegate.m in Sources */,
				3FAD092525267463000D207D /* main.m in Sources */,
				3FAD091725267460000D207D /* SceneDelegate.m in Sources */,
			);
			runOnlyForDeploymentPostprocessing = 0;
		};
		3FB58F7F252CE33A009C1358 /* Sources */ = {
			isa = PBXSourcesBuildPhase;
			buildActionMask = 2147483647;
			files = (
				3FB58F8A252CE33A009C1358 /* ViewController.swift in Sources */,
				3FB58F86252CE33A009C1358 /* AppDelegate.swift in Sources */,
				3FB58FA7252CFFD4009C1358 /* MyExtension.swift in Sources */,
			);
			runOnlyForDeploymentPostprocessing = 0;
		};
		7808887C26D56E8700F5A665 /* Sources */ = {
			isa = PBXSourcesBuildPhase;
			buildActionMask = 2147483647;
			files = (
				780888B726D56F3800F5A665 /* AppDelegate.swift in Sources */,
				780888BC26D56F3800F5A665 /* IdentityView.swift in Sources */,
				780888BB26D56F3800F5A665 /* CoreView.swift in Sources */,
				780888B526D56F3800F5A665 /* LifecycleView.swift in Sources */,
				780888B626D56F3800F5A665 /* MenuView.swift in Sources */,
				780888B926D56F3800F5A665 /* SceneDelegate.swift in Sources */,
				780888BA26D56F3800F5A665 /* AssuranceView.swift in Sources */,
			);
			runOnlyForDeploymentPostprocessing = 0;
		};
		BBF55F4A251E494D00CAAC53 /* Sources */ = {
			isa = PBXSourcesBuildPhase;
			buildActionMask = 2147483647;
			files = (
				BBF55F53251E494D00CAAC53 /* E2ETestingUITests.swift in Sources */,
			);
			runOnlyForDeploymentPostprocessing = 0;
		};
		BBF5EE212512BA0B0003265F /* Sources */ = {
			isa = PBXSourcesBuildPhase;
			buildActionMask = 2147483647;
			files = (
				BBF5EE282512BA0B0003265F /* AppDelegate.swift in Sources */,
				BBF5EE2A2512BA0B0003265F /* SceneDelegate.swift in Sources */,
				BBF5EE2C2512BA0B0003265F /* ContentView.swift in Sources */,
				BBFF40A42514293600E1331D /* PerfExtension.swift in Sources */,
			);
			runOnlyForDeploymentPostprocessing = 0;
		};
		BBFDDD5E251179EB0084A12F /* Sources */ = {
			isa = PBXSourcesBuildPhase;
			buildActionMask = 2147483647;
			files = (
				BBFDDD65251179EB0084A12F /* PerformanceTests.swift in Sources */,
			);
			runOnlyForDeploymentPostprocessing = 0;
		};
/* End PBXSourcesBuildPhase section */

/* Begin PBXTargetDependency section */
		3FB58FAB252E1682009C1358 /* PBXTargetDependency */ = {
			isa = PBXTargetDependency;
			target = 3FB58F82252CE33A009C1358 /* E2E_Swift */;
			targetProxy = 3FB58FAA252E1682009C1358 /* PBXContainerItemProxy */;
		};
		BBF5EE452512BA290003265F /* PBXTargetDependency */ = {
			isa = PBXTargetDependency;
			target = BBF5EE242512BA0B0003265F /* PerformanceApp */;
			targetProxy = BBF5EE442512BA290003265F /* PBXContainerItemProxy */;
		};
/* End PBXTargetDependency section */

/* Begin PBXVariantGroup section */
		3FAD091B25267460000D207D /* Main.storyboard */ = {
			isa = PBXVariantGroup;
			children = (
				3FAD091C25267460000D207D /* Base */,
			);
			name = Main.storyboard;
			sourceTree = "<group>";
		};
		3FAD092025267463000D207D /* LaunchScreen.storyboard */ = {
			isa = PBXVariantGroup;
			children = (
				3FAD092125267463000D207D /* Base */,
			);
			name = LaunchScreen.storyboard;
			sourceTree = "<group>";
		};
		3FB58F8B252CE33A009C1358 /* Main.storyboard */ = {
			isa = PBXVariantGroup;
			children = (
				3FB58F8C252CE33A009C1358 /* Base */,
			);
			name = Main.storyboard;
			sourceTree = "<group>";
		};
		3FB58F90252CE33B009C1358 /* LaunchScreen.storyboard */ = {
			isa = PBXVariantGroup;
			children = (
				3FB58F91252CE33B009C1358 /* Base */,
			);
			name = LaunchScreen.storyboard;
			sourceTree = "<group>";
		};
		780888AA26D56F3800F5A665 /* LaunchScreen.storyboard */ = {
			isa = PBXVariantGroup;
			children = (
				780888AB26D56F3800F5A665 /* Base */,
			);
			name = LaunchScreen.storyboard;
			sourceTree = "<group>";
		};
		BBF5EE322512BA0D0003265F /* LaunchScreen.storyboard */ = {
			isa = PBXVariantGroup;
			children = (
				BBF5EE332512BA0D0003265F /* Base */,
			);
			name = LaunchScreen.storyboard;
			sourceTree = "<group>";
		};
/* End PBXVariantGroup section */

/* Begin XCBuildConfiguration section */
		3F912DAE24E1A75E00E2AC84 /* Debug */ = {
			isa = XCBuildConfiguration;
			buildSettings = {
				ALWAYS_SEARCH_USER_PATHS = NO;
				CLANG_ANALYZER_NONNULL = YES;
				CLANG_ANALYZER_NUMBER_OBJECT_CONVERSION = YES_AGGRESSIVE;
				CLANG_CXX_LANGUAGE_STANDARD = "gnu++14";
				CLANG_CXX_LIBRARY = "libc++";
				CLANG_ENABLE_MODULES = YES;
				CLANG_ENABLE_OBJC_ARC = YES;
				CLANG_ENABLE_OBJC_WEAK = YES;
				CLANG_WARN_BLOCK_CAPTURE_AUTORELEASING = YES;
				CLANG_WARN_BOOL_CONVERSION = YES;
				CLANG_WARN_COMMA = YES;
				CLANG_WARN_CONSTANT_CONVERSION = YES;
				CLANG_WARN_DEPRECATED_OBJC_IMPLEMENTATIONS = YES;
				CLANG_WARN_DIRECT_OBJC_ISA_USAGE = YES_ERROR;
				CLANG_WARN_DOCUMENTATION_COMMENTS = YES;
				CLANG_WARN_EMPTY_BODY = YES;
				CLANG_WARN_ENUM_CONVERSION = YES;
				CLANG_WARN_INFINITE_RECURSION = YES;
				CLANG_WARN_INT_CONVERSION = YES;
				CLANG_WARN_NON_LITERAL_NULL_CONVERSION = YES;
				CLANG_WARN_OBJC_IMPLICIT_RETAIN_SELF = YES;
				CLANG_WARN_OBJC_LITERAL_CONVERSION = YES;
				CLANG_WARN_OBJC_ROOT_CLASS = YES_ERROR;
				CLANG_WARN_QUOTED_INCLUDE_IN_FRAMEWORK_HEADER = YES;
				CLANG_WARN_RANGE_LOOP_ANALYSIS = YES;
				CLANG_WARN_STRICT_PROTOTYPES = YES;
				CLANG_WARN_SUSPICIOUS_MOVE = YES;
				CLANG_WARN_UNGUARDED_AVAILABILITY = YES_AGGRESSIVE;
				CLANG_WARN_UNREACHABLE_CODE = YES;
				CLANG_WARN__DUPLICATE_METHOD_MATCH = YES;
				COPY_PHASE_STRIP = NO;
				DEBUG_INFORMATION_FORMAT = dwarf;
				ENABLE_STRICT_OBJC_MSGSEND = YES;
				ENABLE_TESTABILITY = YES;
				GCC_C_LANGUAGE_STANDARD = gnu11;
				GCC_DYNAMIC_NO_PIC = NO;
				GCC_NO_COMMON_BLOCKS = YES;
				GCC_OPTIMIZATION_LEVEL = 0;
				GCC_PREPROCESSOR_DEFINITIONS = (
					"DEBUG=1",
					"$(inherited)",
				);
				GCC_WARN_64_TO_32_BIT_CONVERSION = YES;
				GCC_WARN_ABOUT_RETURN_TYPE = YES_ERROR;
				GCC_WARN_UNDECLARED_SELECTOR = YES;
				GCC_WARN_UNINITIALIZED_AUTOS = YES_AGGRESSIVE;
				GCC_WARN_UNUSED_FUNCTION = YES;
				GCC_WARN_UNUSED_VARIABLE = YES;
				IPHONEOS_DEPLOYMENT_TARGET = 12.0;
				MTL_ENABLE_DEBUG_INFO = INCLUDE_SOURCE;
				MTL_FAST_MATH = YES;
				ONLY_ACTIVE_ARCH = YES;
				SDKROOT = iphoneos;
				SWIFT_ACTIVE_COMPILATION_CONDITIONS = DEBUG;
				SWIFT_OPTIMIZATION_LEVEL = "-Onone";
			};
			name = Debug;
		};
		3F912DAF24E1A75E00E2AC84 /* Release */ = {
			isa = XCBuildConfiguration;
			buildSettings = {
				ALWAYS_SEARCH_USER_PATHS = NO;
				CLANG_ANALYZER_NONNULL = YES;
				CLANG_ANALYZER_NUMBER_OBJECT_CONVERSION = YES_AGGRESSIVE;
				CLANG_CXX_LANGUAGE_STANDARD = "gnu++14";
				CLANG_CXX_LIBRARY = "libc++";
				CLANG_ENABLE_MODULES = YES;
				CLANG_ENABLE_OBJC_ARC = YES;
				CLANG_ENABLE_OBJC_WEAK = YES;
				CLANG_WARN_BLOCK_CAPTURE_AUTORELEASING = YES;
				CLANG_WARN_BOOL_CONVERSION = YES;
				CLANG_WARN_COMMA = YES;
				CLANG_WARN_CONSTANT_CONVERSION = YES;
				CLANG_WARN_DEPRECATED_OBJC_IMPLEMENTATIONS = YES;
				CLANG_WARN_DIRECT_OBJC_ISA_USAGE = YES_ERROR;
				CLANG_WARN_DOCUMENTATION_COMMENTS = YES;
				CLANG_WARN_EMPTY_BODY = YES;
				CLANG_WARN_ENUM_CONVERSION = YES;
				CLANG_WARN_INFINITE_RECURSION = YES;
				CLANG_WARN_INT_CONVERSION = YES;
				CLANG_WARN_NON_LITERAL_NULL_CONVERSION = YES;
				CLANG_WARN_OBJC_IMPLICIT_RETAIN_SELF = YES;
				CLANG_WARN_OBJC_LITERAL_CONVERSION = YES;
				CLANG_WARN_OBJC_ROOT_CLASS = YES_ERROR;
				CLANG_WARN_QUOTED_INCLUDE_IN_FRAMEWORK_HEADER = YES;
				CLANG_WARN_RANGE_LOOP_ANALYSIS = YES;
				CLANG_WARN_STRICT_PROTOTYPES = YES;
				CLANG_WARN_SUSPICIOUS_MOVE = YES;
				CLANG_WARN_UNGUARDED_AVAILABILITY = YES_AGGRESSIVE;
				CLANG_WARN_UNREACHABLE_CODE = YES;
				CLANG_WARN__DUPLICATE_METHOD_MATCH = YES;
				COPY_PHASE_STRIP = NO;
				DEBUG_INFORMATION_FORMAT = "dwarf-with-dsym";
				ENABLE_NS_ASSERTIONS = NO;
				ENABLE_STRICT_OBJC_MSGSEND = YES;
				GCC_C_LANGUAGE_STANDARD = gnu11;
				GCC_NO_COMMON_BLOCKS = YES;
				GCC_WARN_64_TO_32_BIT_CONVERSION = YES;
				GCC_WARN_ABOUT_RETURN_TYPE = YES_ERROR;
				GCC_WARN_UNDECLARED_SELECTOR = YES;
				GCC_WARN_UNINITIALIZED_AUTOS = YES_AGGRESSIVE;
				GCC_WARN_UNUSED_FUNCTION = YES;
				GCC_WARN_UNUSED_VARIABLE = YES;
				IPHONEOS_DEPLOYMENT_TARGET = 12.0;
				MTL_ENABLE_DEBUG_INFO = NO;
				MTL_FAST_MATH = YES;
				SDKROOT = iphoneos;
				SWIFT_COMPILATION_MODE = wholemodule;
				SWIFT_OPTIMIZATION_LEVEL = "-O";
				VALIDATE_PRODUCT = YES;
			};
			name = Release;
		};
		3FAD092725267463000D207D /* Debug */ = {
			isa = XCBuildConfiguration;
			buildSettings = {
				ASSETCATALOG_COMPILER_APPICON_NAME = AppIcon;
				CODE_SIGN_STYLE = Automatic;
				INFOPLIST_FILE = Testapp_Objc/Info.plist;
				IPHONEOS_DEPLOYMENT_TARGET = 12.0;
				LD_RUNPATH_SEARCH_PATHS = (
					"$(inherited)",
					"@executable_path/Frameworks",
				);
				PRODUCT_BUNDLE_IDENTIFIER = "com.adobe.mobile.Testapp-Objc";
				PRODUCT_NAME = "$(TARGET_NAME)";
				TARGETED_DEVICE_FAMILY = "1,2";
			};
			name = Debug;
		};
		3FAD092825267463000D207D /* Release */ = {
			isa = XCBuildConfiguration;
			buildSettings = {
				ASSETCATALOG_COMPILER_APPICON_NAME = AppIcon;
				CODE_SIGN_STYLE = Automatic;
				INFOPLIST_FILE = Testapp_Objc/Info.plist;
				IPHONEOS_DEPLOYMENT_TARGET = 12.0;
				LD_RUNPATH_SEARCH_PATHS = (
					"$(inherited)",
					"@executable_path/Frameworks",
				);
				PRODUCT_BUNDLE_IDENTIFIER = "com.adobe.mobile.Testapp-Objc";
				PRODUCT_NAME = "$(TARGET_NAME)";
				TARGETED_DEVICE_FAMILY = "1,2";
			};
			name = Release;
		};
		3FB58F94252CE33B009C1358 /* Debug */ = {
			isa = XCBuildConfiguration;
			buildSettings = {
				ASSETCATALOG_COMPILER_APPICON_NAME = AppIcon;
				CODE_SIGN_STYLE = Automatic;
				DEVELOPMENT_TEAM = FKGEE875K4;
				INFOPLIST_FILE = E2E_Swift/Info.plist;
				LD_RUNPATH_SEARCH_PATHS = (
					"$(inherited)",
					"@executable_path/Frameworks",
				);
				PRODUCT_BUNDLE_IDENTIFIER = "com.adobe.mobile.E2E-Swift";
				PRODUCT_NAME = "$(TARGET_NAME)";
				SWIFT_VERSION = 5.0;
				TARGETED_DEVICE_FAMILY = "1,2";
			};
			name = Debug;
		};
		3FB58F95252CE33B009C1358 /* Release */ = {
			isa = XCBuildConfiguration;
			buildSettings = {
				ASSETCATALOG_COMPILER_APPICON_NAME = AppIcon;
				CODE_SIGN_STYLE = Automatic;
				DEVELOPMENT_TEAM = FKGEE875K4;
				INFOPLIST_FILE = E2E_Swift/Info.plist;
				LD_RUNPATH_SEARCH_PATHS = (
					"$(inherited)",
					"@executable_path/Frameworks",
				);
				PRODUCT_BUNDLE_IDENTIFIER = "com.adobe.mobile.E2E-Swift";
				PRODUCT_NAME = "$(TARGET_NAME)";
				SWIFT_VERSION = 5.0;
				TARGETED_DEVICE_FAMILY = "1,2";
			};
			name = Release;
		};
		7808889226D56E8E00F5A665 /* Debug */ = {
			isa = XCBuildConfiguration;
			baseConfigurationReference = 1A043C282F7DC5745909C619 /* Pods-TestApp_Swift.debug.xcconfig */;
			buildSettings = {
				ASSETCATALOG_COMPILER_APPICON_NAME = AppIcon;
				ASSETCATALOG_COMPILER_GLOBAL_ACCENT_COLOR_NAME = AccentColor;
				CLANG_ENABLE_MODULES = YES;
				CODE_SIGN_STYLE = Automatic;
				DEVELOPMENT_ASSET_PATHS = "\"TestApp_Swift/Preview Content\"";
				DEVELOPMENT_TEAM = FKGEE875K4;
				ENABLE_PREVIEWS = YES;
				INFOPLIST_FILE = TestApp_Swift/Info.plist;
				IPHONEOS_DEPLOYMENT_TARGET = 14.3;
				LD_RUNPATH_SEARCH_PATHS = (
					"$(inherited)",
					"@executable_path/Frameworks",
				);
				PRODUCT_BUNDLE_IDENTIFIER = "com.adobe.TestApp-Swift";
				PRODUCT_NAME = "$(TARGET_NAME)";
				SWIFT_OPTIMIZATION_LEVEL = "-Onone";
				SWIFT_VERSION = 5.0;
				TARGETED_DEVICE_FAMILY = "1,2";
			};
			name = Debug;
		};
		7808889326D56E8E00F5A665 /* Release */ = {
			isa = XCBuildConfiguration;
			baseConfigurationReference = C4C11D59AD37A0F7D3FC9851 /* Pods-TestApp_Swift.release.xcconfig */;
			buildSettings = {
				ASSETCATALOG_COMPILER_APPICON_NAME = AppIcon;
				ASSETCATALOG_COMPILER_GLOBAL_ACCENT_COLOR_NAME = AccentColor;
				CLANG_ENABLE_MODULES = YES;
				CODE_SIGN_STYLE = Automatic;
				DEVELOPMENT_ASSET_PATHS = "\"TestApp_Swift/Preview Content\"";
				DEVELOPMENT_TEAM = FKGEE875K4;
				ENABLE_PREVIEWS = YES;
				INFOPLIST_FILE = TestApp_Swift/Info.plist;
				IPHONEOS_DEPLOYMENT_TARGET = 14.3;
				LD_RUNPATH_SEARCH_PATHS = (
					"$(inherited)",
					"@executable_path/Frameworks",
				);
				PRODUCT_BUNDLE_IDENTIFIER = "com.adobe.TestApp-Swift";
				PRODUCT_NAME = "$(TARGET_NAME)";
				SWIFT_VERSION = 5.0;
				TARGETED_DEVICE_FAMILY = "1,2";
			};
			name = Release;
		};
		BBF55F59251E494D00CAAC53 /* Debug */ = {
			isa = XCBuildConfiguration;
			buildSettings = {
				ALWAYS_EMBED_SWIFT_STANDARD_LIBRARIES = YES;
				CLANG_WARN_QUOTED_INCLUDE_IN_FRAMEWORK_HEADER = YES;
				CODE_SIGN_STYLE = Automatic;
				DEVELOPMENT_TEAM = FKGEE875K4;
				INFOPLIST_FILE = E2E_SwiftUITests/Info.plist;
				IPHONEOS_DEPLOYMENT_TARGET = 12.0;
				LD_RUNPATH_SEARCH_PATHS = (
					"$(inherited)",
					"@executable_path/Frameworks",
					"@loader_path/Frameworks",
				);
				PRODUCT_BUNDLE_IDENTIFIER = com.adobe.mobile.marketing.E2ETestingUITests;
				PRODUCT_NAME = "$(TARGET_NAME)";
				SWIFT_VERSION = 5.0;
				TARGETED_DEVICE_FAMILY = "1,2";
				TEST_TARGET_NAME = E2E_Swift;
			};
			name = Debug;
		};
		BBF55F5A251E494D00CAAC53 /* Release */ = {
			isa = XCBuildConfiguration;
			buildSettings = {
				ALWAYS_EMBED_SWIFT_STANDARD_LIBRARIES = YES;
				CLANG_WARN_QUOTED_INCLUDE_IN_FRAMEWORK_HEADER = YES;
				CODE_SIGN_STYLE = Automatic;
				DEVELOPMENT_TEAM = FKGEE875K4;
				INFOPLIST_FILE = E2E_SwiftUITests/Info.plist;
				IPHONEOS_DEPLOYMENT_TARGET = 12.0;
				LD_RUNPATH_SEARCH_PATHS = (
					"$(inherited)",
					"@executable_path/Frameworks",
					"@loader_path/Frameworks",
				);
				PRODUCT_BUNDLE_IDENTIFIER = com.adobe.mobile.marketing.E2ETestingUITests;
				PRODUCT_NAME = "$(TARGET_NAME)";
				SWIFT_VERSION = 5.0;
				TARGETED_DEVICE_FAMILY = "1,2";
				TEST_TARGET_NAME = E2E_Swift;
			};
			name = Release;
		};
		BBF5EE372512BA0D0003265F /* Debug */ = {
			isa = XCBuildConfiguration;
			buildSettings = {
				ASSETCATALOG_COMPILER_APPICON_NAME = AppIcon;
				CODE_SIGN_STYLE = Automatic;
				DEVELOPMENT_ASSET_PATHS = "\"PerformanceApp/Preview Content\"";
				DEVELOPMENT_TEAM = FKGEE875K4;
				ENABLE_PREVIEWS = YES;
				INFOPLIST_FILE = PerformanceApp/Info.plist;
				IPHONEOS_DEPLOYMENT_TARGET = 13.2;
				LD_RUNPATH_SEARCH_PATHS = (
					"$(inherited)",
					"@executable_path/Frameworks",
				);
				PRODUCT_BUNDLE_IDENTIFIER = com.adobe.mobile.marketing.PerformanceApp;
				PRODUCT_NAME = "$(TARGET_NAME)";
				SWIFT_VERSION = 5.0;
				TARGETED_DEVICE_FAMILY = "1,2";
			};
			name = Debug;
		};
		BBF5EE382512BA0D0003265F /* Release */ = {
			isa = XCBuildConfiguration;
			buildSettings = {
				ASSETCATALOG_COMPILER_APPICON_NAME = AppIcon;
				CODE_SIGN_STYLE = Automatic;
				DEVELOPMENT_ASSET_PATHS = "\"PerformanceApp/Preview Content\"";
				DEVELOPMENT_TEAM = FKGEE875K4;
				ENABLE_PREVIEWS = YES;
				INFOPLIST_FILE = PerformanceApp/Info.plist;
				IPHONEOS_DEPLOYMENT_TARGET = 13.2;
				LD_RUNPATH_SEARCH_PATHS = (
					"$(inherited)",
					"@executable_path/Frameworks",
				);
				PRODUCT_BUNDLE_IDENTIFIER = com.adobe.mobile.marketing.PerformanceApp;
				PRODUCT_NAME = "$(TARGET_NAME)";
				SWIFT_VERSION = 5.0;
				TARGETED_DEVICE_FAMILY = "1,2";
			};
			name = Release;
		};
		BBFDDD69251179EB0084A12F /* Debug */ = {
			isa = XCBuildConfiguration;
			buildSettings = {
				CODE_SIGN_STYLE = Automatic;
				DEVELOPMENT_TEAM = FKGEE875K4;
				INFOPLIST_FILE = PerformanceTests/Info.plist;
				IPHONEOS_DEPLOYMENT_TARGET = 13.0;
				LD_RUNPATH_SEARCH_PATHS = (
					"$(inherited)",
					"@executable_path/Frameworks",
					"@loader_path/Frameworks",
				);
				PRODUCT_BUNDLE_IDENTIFIER = com.adobe.mobile.marketing.PerformanceTests;
				PRODUCT_NAME = "$(TARGET_NAME)";
				SWIFT_VERSION = 5.0;
				TARGETED_DEVICE_FAMILY = "1,2";
				TEST_TARGET_NAME = PerformanceApp;
			};
			name = Debug;
		};
		BBFDDD6A251179EB0084A12F /* Release */ = {
			isa = XCBuildConfiguration;
			buildSettings = {
				CODE_SIGN_STYLE = Automatic;
				DEVELOPMENT_TEAM = FKGEE875K4;
				INFOPLIST_FILE = PerformanceTests/Info.plist;
				IPHONEOS_DEPLOYMENT_TARGET = 13.0;
				LD_RUNPATH_SEARCH_PATHS = (
					"$(inherited)",
					"@executable_path/Frameworks",
					"@loader_path/Frameworks",
				);
				PRODUCT_BUNDLE_IDENTIFIER = com.adobe.mobile.marketing.PerformanceTests;
				PRODUCT_NAME = "$(TARGET_NAME)";
				SWIFT_VERSION = 5.0;
				TARGETED_DEVICE_FAMILY = "1,2";
				TEST_TARGET_NAME = PerformanceApp;
			};
			name = Release;
		};
/* End XCBuildConfiguration section */

/* Begin XCConfigurationList section */
		3F912D9724E1A75C00E2AC84 /* Build configuration list for PBXProject "AEPCoreTestApp" */ = {
			isa = XCConfigurationList;
			buildConfigurations = (
				3F912DAE24E1A75E00E2AC84 /* Debug */,
				3F912DAF24E1A75E00E2AC84 /* Release */,
			);
			defaultConfigurationIsVisible = 0;
			defaultConfigurationName = Release;
		};
		3FAD092625267463000D207D /* Build configuration list for PBXNativeTarget "TestApp_Objc" */ = {
			isa = XCConfigurationList;
			buildConfigurations = (
				3FAD092725267463000D207D /* Debug */,
				3FAD092825267463000D207D /* Release */,
			);
			defaultConfigurationIsVisible = 0;
			defaultConfigurationName = Release;
		};
		3FB58FA4252CE33B009C1358 /* Build configuration list for PBXNativeTarget "E2E_Swift" */ = {
			isa = XCConfigurationList;
			buildConfigurations = (
				3FB58F94252CE33B009C1358 /* Debug */,
				3FB58F95252CE33B009C1358 /* Release */,
			);
			defaultConfigurationIsVisible = 0;
			defaultConfigurationName = Release;
		};
		7808889126D56E8E00F5A665 /* Build configuration list for PBXNativeTarget "TestApp_Swift" */ = {
			isa = XCConfigurationList;
			buildConfigurations = (
				7808889226D56E8E00F5A665 /* Debug */,
				7808889326D56E8E00F5A665 /* Release */,
			);
			defaultConfigurationIsVisible = 0;
			defaultConfigurationName = Release;
		};
		BBF55F66251E494D00CAAC53 /* Build configuration list for PBXNativeTarget "E2E_SwiftUITests" */ = {
			isa = XCConfigurationList;
			buildConfigurations = (
				BBF55F59251E494D00CAAC53 /* Debug */,
				BBF55F5A251E494D00CAAC53 /* Release */,
			);
			defaultConfigurationIsVisible = 0;
			defaultConfigurationName = Release;
		};
		BBF5EE362512BA0D0003265F /* Build configuration list for PBXNativeTarget "PerformanceApp" */ = {
			isa = XCConfigurationList;
			buildConfigurations = (
				BBF5EE372512BA0D0003265F /* Debug */,
				BBF5EE382512BA0D0003265F /* Release */,
			);
			defaultConfigurationIsVisible = 0;
			defaultConfigurationName = Release;
		};
		BBFDDD73251179EB0084A12F /* Build configuration list for PBXNativeTarget "PerformanceTests" */ = {
			isa = XCConfigurationList;
			buildConfigurations = (
				BBFDDD69251179EB0084A12F /* Debug */,
				BBFDDD6A251179EB0084A12F /* Release */,
			);
			defaultConfigurationIsVisible = 0;
			defaultConfigurationName = Release;
		};
/* End XCConfigurationList section */
	};
	rootObject = 3F912D9424E1A75C00E2AC84 /* Project object */;
}
