{
  "object": {
    "pins": [
      {
        "package": "AEPAssurance",
        "repositoryURL": "https://github.com/adobe/aepsdk-assurance-ios",
        "state": {
          "branch": "main",
          "revision": "bb111041a9c81e2bed6aeff3ce26ee058d774755",
          "version": null
        }
      },
      {
        "package": "AEPRulesEngine",
        "repositoryURL": "https://github.com/adobe/aepsdk-rulesengine-ios.git",
        "state": {
          "branch": null,
          "revision": "c3337be0f893db495aa497fef760e0518a1e5fe2",
          "version": "1.0.1"
        }
      }
    ]
  },
  "version": 1
}
