{
  "object": {
    "pins": [
      {
        "package": "AEPRulesEngine",
        "repositoryURL": "https://github.com/adobe/aepsdk-rulesengine-ios.git",
        "state": {
          "branch": null,
          "revision": "5907e2ed364135448a2a5d77a76c2ff971396397",
          "version": "1.2.0"
        }
      }
    ]
  },
  "version": 1
}
